
Microsoft Visual Studio Solution File, Format Version 12.00
# Visual Studio Version 16
VisualStudioVersion = 16.0.31515.178
MinimumVisualStudioVersion = 10.0.40219.1
Project("{9A19103F-16F7-4668-BE54-9A1E7A4F7556}") = "RevitPlugins", "RevitPlugins\RevitPlugins.csproj", "{51D125DA-535F-49EF-BDF6-5AE94B39E9BB}"
EndProject
Project("{9A19103F-16F7-4668-BE54-9A1E7A4F7556}") = "PlatformSettings", "PlatformSettings\PlatformSettings.csproj", "{5C9650AE-A794-47C6-B5F7-92D099018302}"
EndProject
Project("{9A19103F-16F7-4668-BE54-9A1E7A4F7556}") = "RevitBatchPrint", "RevitBatchPrint\RevitBatchPrint.csproj", "{C95B3383-B620-463C-9A33-7D290095B73A}"
EndProject
Project("{9A19103F-16F7-4668-BE54-9A1E7A4F7556}") = "RevitCopyStandarts", "RevitCopyStandarts\RevitCopyStandarts.csproj", "{42B67242-5EFD-4D2F-80E3-457B6647BF3B}"
EndProject
Project("{9A19103F-16F7-4668-BE54-9A1E7A4F7556}") = "RevitCopyViews", "RevitCopyViews\RevitCopyViews.csproj", "{9BCEA845-B482-46E8-B916-00F0B97F6BD6}"
EndProject
Project("{9A19103F-16F7-4668-BE54-9A1E7A4F7556}") = "RevitCreateViewSheet", "RevitCreateViewSheet\RevitCreateViewSheet.csproj", "{41FFB315-803C-4CDD-B783-82FAD825465D}"
EndProject
Project("{9A19103F-16F7-4668-BE54-9A1E7A4F7556}") = "RevitSuperfilter", "RevitSuperfilter\RevitSuperfilter.csproj", "{AEF99352-8D07-4269-B9D9-AA369EDE4CBD}"
EndProject
Project("{9A19103F-16F7-4668-BE54-9A1E7A4F7556}") = "RevitServerFolders", "RevitServerFolders\RevitServerFolders.csproj", "{9781A7B1-452D-489D-BD54-44E17FAF323B}"
EndProject
Project("{2150E333-8FDC-42A3-9474-1A3956D46DE8}") = "dosymep", "dosymep", "{064729BC-2CB6-4910-9C93-C687F7E2B1CD}"
	ProjectSection(SolutionItems) = preProject
		dosymep\AppDomainExtensions.cs = dosymep\AppDomainExtensions.cs
		dosymep\BaseViewModel.cs = dosymep\BaseViewModel.cs
		dosymep\BoolToVisibilityConverter.cs = dosymep\BoolToVisibilityConverter.cs
		dosymep\ConfigSerializer.cs = dosymep\ConfigSerializer.cs
		dosymep\ConvertibleExtention.cs = dosymep\ConvertibleExtention.cs
		dosymep\EnumConverter.cs = dosymep\EnumConverter.cs
		dosymep\EnumToItemsSource.cs = dosymep\EnumToItemsSource.cs
		dosymep\InverseBooleanConverter.cs = dosymep\InverseBooleanConverter.cs
		dosymep\PlatformWindow.cs = dosymep\PlatformWindow.cs
		dosymep\RelayCommand.cs = dosymep\RelayCommand.cs
	EndProjectSection
EndProject
Project("{9A19103F-16F7-4668-BE54-9A1E7A4F7556}") = "RevitGenLookupTables", "RevitGenLookupTables\RevitGenLookupTables.csproj", "{65795232-ECD1-4811-A473-B718AE74E4E1}"
EndProject
Project("{9A19103F-16F7-4668-BE54-9A1E7A4F7556}") = "RevitFamilyExplorer", "RevitFamilyExplorer\RevitFamilyExplorer.csproj", "{0D3A89D6-19AA-44BA-A854-D5C63542CC60}"
EndProject
Project("{2150E333-8FDC-42A3-9474-1A3956D46DE8}") = "Solution Items", "Solution Items", "{0C7777D6-5306-4473-A046-497D2B54E4CA}"
	ProjectSection(SolutionItems) = preProject
		.editorconfig = .editorconfig
		CONTRIBUTING.md = CONTRIBUTING.md
		CREDITS.md = CREDITS.md
		LICENSE.md = LICENSE.md
		README.md = README.md
	EndProjectSection
EndProject
Project("{9A19103F-16F7-4668-BE54-9A1E7A4F7556}") = "RevitRooms", "RevitRooms\RevitRooms.csproj", "{5ED10BD4-7337-4DB1-8953-98489D09F507}"
EndProject
Project("{9A19103F-16F7-4668-BE54-9A1E7A4F7556}") = "RevitLintelPlacement", "RevitLintelPlacement\RevitLintelPlacement.csproj", "{40E928EA-29EF-4831-BD9D-23B843BEF905}"
EndProject
Project("{9A19103F-16F7-4668-BE54-9A1E7A4F7556}") = "RevitMarkPlacement", "RevitMarkPlacement\RevitMarkPlacement.csproj", "{8DF9A156-6ACD-4E5E-A2BA-0B748ABF225C}"
EndProject
Project("{9A19103F-16F7-4668-BE54-9A1E7A4F7556}") = "RevitSetLevelSection", "RevitSetLevelSection\RevitSetLevelSection.csproj", "{4ABC3706-AF4D-48E1-AA42-87D379B742E1}"
EndProject
Project("{FAE04EC0-301F-11D3-BF4B-00C04F79EFBC}") = "RevitClashDetective", "RevitClashDetective\RevitClashDetective.csproj", "{B209CB3B-C4C1-4FB9-85CE-B0FA52DF6F80}"
EndProject
Global
	GlobalSection(SolutionConfigurationPlatforms) = preSolution
		D2020|x64 = D2020|x64
		D2021|x64 = D2021|x64
		D2022|x64 = D2022|x64
		R2020|x64 = R2020|x64
		R2021|x64 = R2021|x64
		R2022|x64 = R2022|x64
	EndGlobalSection
	GlobalSection(ProjectConfigurationPlatforms) = postSolution
		{51D125DA-535F-49EF-BDF6-5AE94B39E9BB}.D2020|x64.ActiveCfg = D2020|x64
		{51D125DA-535F-49EF-BDF6-5AE94B39E9BB}.D2020|x64.Build.0 = D2020|x64
		{51D125DA-535F-49EF-BDF6-5AE94B39E9BB}.D2021|x64.ActiveCfg = D2021|x64
		{51D125DA-535F-49EF-BDF6-5AE94B39E9BB}.D2021|x64.Build.0 = D2021|x64
		{51D125DA-535F-49EF-BDF6-5AE94B39E9BB}.D2022|x64.ActiveCfg = D2022|x64
		{51D125DA-535F-49EF-BDF6-5AE94B39E9BB}.D2022|x64.Build.0 = D2022|x64
		{51D125DA-535F-49EF-BDF6-5AE94B39E9BB}.R2020|x64.ActiveCfg = R2020|x64
		{51D125DA-535F-49EF-BDF6-5AE94B39E9BB}.R2020|x64.Build.0 = R2020|x64
		{51D125DA-535F-49EF-BDF6-5AE94B39E9BB}.R2021|x64.ActiveCfg = R2021|x64
		{51D125DA-535F-49EF-BDF6-5AE94B39E9BB}.R2021|x64.Build.0 = R2021|x64
		{51D125DA-535F-49EF-BDF6-5AE94B39E9BB}.R2022|x64.ActiveCfg = R2022|x64
		{51D125DA-535F-49EF-BDF6-5AE94B39E9BB}.R2022|x64.Build.0 = R2022|x64
		{5C9650AE-A794-47C6-B5F7-92D099018302}.D2020|x64.ActiveCfg = D2020|x64
		{5C9650AE-A794-47C6-B5F7-92D099018302}.D2020|x64.Build.0 = D2020|x64
		{5C9650AE-A794-47C6-B5F7-92D099018302}.D2021|x64.ActiveCfg = D2021|x64
		{5C9650AE-A794-47C6-B5F7-92D099018302}.D2021|x64.Build.0 = D2021|x64
		{5C9650AE-A794-47C6-B5F7-92D099018302}.D2022|x64.ActiveCfg = D2022|x64
		{5C9650AE-A794-47C6-B5F7-92D099018302}.D2022|x64.Build.0 = D2022|x64
		{5C9650AE-A794-47C6-B5F7-92D099018302}.R2020|x64.ActiveCfg = R2020|x64
		{5C9650AE-A794-47C6-B5F7-92D099018302}.R2020|x64.Build.0 = R2020|x64
		{5C9650AE-A794-47C6-B5F7-92D099018302}.R2021|x64.ActiveCfg = R2021|x64
		{5C9650AE-A794-47C6-B5F7-92D099018302}.R2021|x64.Build.0 = R2021|x64
		{5C9650AE-A794-47C6-B5F7-92D099018302}.R2022|x64.ActiveCfg = R2022|x64
		{5C9650AE-A794-47C6-B5F7-92D099018302}.R2022|x64.Build.0 = R2022|x64
		{C95B3383-B620-463C-9A33-7D290095B73A}.D2020|x64.ActiveCfg = D2020|x64
		{C95B3383-B620-463C-9A33-7D290095B73A}.D2020|x64.Build.0 = D2020|x64
		{C95B3383-B620-463C-9A33-7D290095B73A}.D2021|x64.ActiveCfg = D2021|x64
		{C95B3383-B620-463C-9A33-7D290095B73A}.D2021|x64.Build.0 = D2021|x64
		{C95B3383-B620-463C-9A33-7D290095B73A}.D2022|x64.ActiveCfg = D2022|x64
		{C95B3383-B620-463C-9A33-7D290095B73A}.D2022|x64.Build.0 = D2022|x64
		{C95B3383-B620-463C-9A33-7D290095B73A}.R2020|x64.ActiveCfg = R2020|x64
		{C95B3383-B620-463C-9A33-7D290095B73A}.R2020|x64.Build.0 = R2020|x64
		{C95B3383-B620-463C-9A33-7D290095B73A}.R2021|x64.ActiveCfg = R2021|x64
		{C95B3383-B620-463C-9A33-7D290095B73A}.R2021|x64.Build.0 = R2021|x64
		{C95B3383-B620-463C-9A33-7D290095B73A}.R2022|x64.ActiveCfg = R2022|x64
		{C95B3383-B620-463C-9A33-7D290095B73A}.R2022|x64.Build.0 = R2022|x64
		{42B67242-5EFD-4D2F-80E3-457B6647BF3B}.D2020|x64.ActiveCfg = D2020|x64
		{42B67242-5EFD-4D2F-80E3-457B6647BF3B}.D2020|x64.Build.0 = D2020|x64
		{42B67242-5EFD-4D2F-80E3-457B6647BF3B}.D2021|x64.ActiveCfg = D2021|x64
		{42B67242-5EFD-4D2F-80E3-457B6647BF3B}.D2021|x64.Build.0 = D2021|x64
		{42B67242-5EFD-4D2F-80E3-457B6647BF3B}.D2022|x64.ActiveCfg = D2022|x64
		{42B67242-5EFD-4D2F-80E3-457B6647BF3B}.D2022|x64.Build.0 = D2022|x64
		{42B67242-5EFD-4D2F-80E3-457B6647BF3B}.R2020|x64.ActiveCfg = R2020|x64
		{42B67242-5EFD-4D2F-80E3-457B6647BF3B}.R2020|x64.Build.0 = R2020|x64
		{42B67242-5EFD-4D2F-80E3-457B6647BF3B}.R2021|x64.ActiveCfg = R2021|x64
		{42B67242-5EFD-4D2F-80E3-457B6647BF3B}.R2021|x64.Build.0 = R2021|x64
		{42B67242-5EFD-4D2F-80E3-457B6647BF3B}.R2022|x64.ActiveCfg = R2022|x64
		{42B67242-5EFD-4D2F-80E3-457B6647BF3B}.R2022|x64.Build.0 = R2022|x64
		{9BCEA845-B482-46E8-B916-00F0B97F6BD6}.D2020|x64.ActiveCfg = D2020|x64
		{9BCEA845-B482-46E8-B916-00F0B97F6BD6}.D2020|x64.Build.0 = D2020|x64
		{9BCEA845-B482-46E8-B916-00F0B97F6BD6}.D2021|x64.ActiveCfg = D2021|x64
		{9BCEA845-B482-46E8-B916-00F0B97F6BD6}.D2021|x64.Build.0 = D2021|x64
		{9BCEA845-B482-46E8-B916-00F0B97F6BD6}.D2022|x64.ActiveCfg = D2022|x64
		{9BCEA845-B482-46E8-B916-00F0B97F6BD6}.D2022|x64.Build.0 = D2022|x64
		{9BCEA845-B482-46E8-B916-00F0B97F6BD6}.R2020|x64.ActiveCfg = R2020|x64
		{9BCEA845-B482-46E8-B916-00F0B97F6BD6}.R2020|x64.Build.0 = R2020|x64
		{9BCEA845-B482-46E8-B916-00F0B97F6BD6}.R2021|x64.ActiveCfg = R2021|x64
		{9BCEA845-B482-46E8-B916-00F0B97F6BD6}.R2021|x64.Build.0 = R2021|x64
		{9BCEA845-B482-46E8-B916-00F0B97F6BD6}.R2022|x64.ActiveCfg = R2022|x64
		{9BCEA845-B482-46E8-B916-00F0B97F6BD6}.R2022|x64.Build.0 = R2022|x64
		{41FFB315-803C-4CDD-B783-82FAD825465D}.D2020|x64.ActiveCfg = D2020|x64
		{41FFB315-803C-4CDD-B783-82FAD825465D}.D2020|x64.Build.0 = D2020|x64
		{41FFB315-803C-4CDD-B783-82FAD825465D}.D2021|x64.ActiveCfg = D2021|x64
		{41FFB315-803C-4CDD-B783-82FAD825465D}.D2021|x64.Build.0 = D2021|x64
		{41FFB315-803C-4CDD-B783-82FAD825465D}.D2022|x64.ActiveCfg = D2022|x64
		{41FFB315-803C-4CDD-B783-82FAD825465D}.D2022|x64.Build.0 = D2022|x64
		{41FFB315-803C-4CDD-B783-82FAD825465D}.R2020|x64.ActiveCfg = R2020|x64
		{41FFB315-803C-4CDD-B783-82FAD825465D}.R2020|x64.Build.0 = R2020|x64
		{41FFB315-803C-4CDD-B783-82FAD825465D}.R2021|x64.ActiveCfg = R2021|x64
		{41FFB315-803C-4CDD-B783-82FAD825465D}.R2021|x64.Build.0 = R2021|x64
		{41FFB315-803C-4CDD-B783-82FAD825465D}.R2022|x64.ActiveCfg = R2022|x64
		{41FFB315-803C-4CDD-B783-82FAD825465D}.R2022|x64.Build.0 = R2022|x64
		{AEF99352-8D07-4269-B9D9-AA369EDE4CBD}.D2020|x64.ActiveCfg = D2020|x64
		{AEF99352-8D07-4269-B9D9-AA369EDE4CBD}.D2020|x64.Build.0 = D2020|x64
		{AEF99352-8D07-4269-B9D9-AA369EDE4CBD}.D2021|x64.ActiveCfg = D2021|x64
		{AEF99352-8D07-4269-B9D9-AA369EDE4CBD}.D2021|x64.Build.0 = D2021|x64
		{AEF99352-8D07-4269-B9D9-AA369EDE4CBD}.D2022|x64.ActiveCfg = D2022|x64
		{AEF99352-8D07-4269-B9D9-AA369EDE4CBD}.D2022|x64.Build.0 = D2022|x64
		{AEF99352-8D07-4269-B9D9-AA369EDE4CBD}.R2020|x64.ActiveCfg = R2020|x64
		{AEF99352-8D07-4269-B9D9-AA369EDE4CBD}.R2020|x64.Build.0 = R2020|x64
		{AEF99352-8D07-4269-B9D9-AA369EDE4CBD}.R2021|x64.ActiveCfg = R2021|x64
		{AEF99352-8D07-4269-B9D9-AA369EDE4CBD}.R2021|x64.Build.0 = R2021|x64
		{AEF99352-8D07-4269-B9D9-AA369EDE4CBD}.R2022|x64.ActiveCfg = R2022|x64
		{AEF99352-8D07-4269-B9D9-AA369EDE4CBD}.R2022|x64.Build.0 = R2022|x64
		{9781A7B1-452D-489D-BD54-44E17FAF323B}.D2020|x64.ActiveCfg = D2020|x64
		{9781A7B1-452D-489D-BD54-44E17FAF323B}.D2020|x64.Build.0 = D2020|x64
		{9781A7B1-452D-489D-BD54-44E17FAF323B}.D2021|x64.ActiveCfg = D2021|x64
		{9781A7B1-452D-489D-BD54-44E17FAF323B}.D2021|x64.Build.0 = D2021|x64
		{9781A7B1-452D-489D-BD54-44E17FAF323B}.D2022|x64.ActiveCfg = D2022|x64
		{9781A7B1-452D-489D-BD54-44E17FAF323B}.D2022|x64.Build.0 = D2022|x64
		{9781A7B1-452D-489D-BD54-44E17FAF323B}.R2020|x64.ActiveCfg = R2020|x64
		{9781A7B1-452D-489D-BD54-44E17FAF323B}.R2020|x64.Build.0 = R2020|x64
		{9781A7B1-452D-489D-BD54-44E17FAF323B}.R2021|x64.ActiveCfg = R2021|x64
		{9781A7B1-452D-489D-BD54-44E17FAF323B}.R2021|x64.Build.0 = R2021|x64
		{9781A7B1-452D-489D-BD54-44E17FAF323B}.R2022|x64.ActiveCfg = R2022|x64
		{9781A7B1-452D-489D-BD54-44E17FAF323B}.R2022|x64.Build.0 = R2022|x64
		{65795232-ECD1-4811-A473-B718AE74E4E1}.D2020|x64.ActiveCfg = D2020|x64
		{65795232-ECD1-4811-A473-B718AE74E4E1}.D2020|x64.Build.0 = D2020|x64
		{65795232-ECD1-4811-A473-B718AE74E4E1}.D2021|x64.ActiveCfg = D2021|x64
		{65795232-ECD1-4811-A473-B718AE74E4E1}.D2021|x64.Build.0 = D2021|x64
		{65795232-ECD1-4811-A473-B718AE74E4E1}.D2022|x64.ActiveCfg = D2022|x64
		{65795232-ECD1-4811-A473-B718AE74E4E1}.D2022|x64.Build.0 = D2022|x64
		{65795232-ECD1-4811-A473-B718AE74E4E1}.R2020|x64.ActiveCfg = R2020|x64
		{65795232-ECD1-4811-A473-B718AE74E4E1}.R2020|x64.Build.0 = R2020|x64
		{65795232-ECD1-4811-A473-B718AE74E4E1}.R2021|x64.ActiveCfg = R2021|x64
		{65795232-ECD1-4811-A473-B718AE74E4E1}.R2021|x64.Build.0 = R2021|x64
		{65795232-ECD1-4811-A473-B718AE74E4E1}.R2022|x64.ActiveCfg = R2022|x64
		{65795232-ECD1-4811-A473-B718AE74E4E1}.R2022|x64.Build.0 = R2022|x64
		{0D3A89D6-19AA-44BA-A854-D5C63542CC60}.D2020|x64.ActiveCfg = D2020|x64
		{0D3A89D6-19AA-44BA-A854-D5C63542CC60}.D2020|x64.Build.0 = D2020|x64
		{0D3A89D6-19AA-44BA-A854-D5C63542CC60}.D2021|x64.ActiveCfg = D2021|x64
		{0D3A89D6-19AA-44BA-A854-D5C63542CC60}.D2021|x64.Build.0 = D2021|x64
		{0D3A89D6-19AA-44BA-A854-D5C63542CC60}.D2022|x64.ActiveCfg = D2022|x64
		{0D3A89D6-19AA-44BA-A854-D5C63542CC60}.D2022|x64.Build.0 = D2022|x64
		{0D3A89D6-19AA-44BA-A854-D5C63542CC60}.R2020|x64.ActiveCfg = R2020|x64
		{0D3A89D6-19AA-44BA-A854-D5C63542CC60}.R2020|x64.Build.0 = R2020|x64
		{0D3A89D6-19AA-44BA-A854-D5C63542CC60}.R2021|x64.ActiveCfg = R2021|x64
		{0D3A89D6-19AA-44BA-A854-D5C63542CC60}.R2021|x64.Build.0 = R2021|x64
		{0D3A89D6-19AA-44BA-A854-D5C63542CC60}.R2022|x64.ActiveCfg = R2022|x64
		{0D3A89D6-19AA-44BA-A854-D5C63542CC60}.R2022|x64.Build.0 = R2022|x64
		{5ED10BD4-7337-4DB1-8953-98489D09F507}.D2020|x64.ActiveCfg = D2020|x64
		{5ED10BD4-7337-4DB1-8953-98489D09F507}.D2020|x64.Build.0 = D2020|x64
		{5ED10BD4-7337-4DB1-8953-98489D09F507}.D2021|x64.ActiveCfg = D2021|x64
		{5ED10BD4-7337-4DB1-8953-98489D09F507}.D2021|x64.Build.0 = D2021|x64
		{5ED10BD4-7337-4DB1-8953-98489D09F507}.D2022|x64.ActiveCfg = D2022|x64
		{5ED10BD4-7337-4DB1-8953-98489D09F507}.D2022|x64.Build.0 = D2022|x64
		{5ED10BD4-7337-4DB1-8953-98489D09F507}.R2020|x64.ActiveCfg = R2020|x64
		{5ED10BD4-7337-4DB1-8953-98489D09F507}.R2020|x64.Build.0 = R2020|x64
		{5ED10BD4-7337-4DB1-8953-98489D09F507}.R2021|x64.ActiveCfg = R2021|x64
		{5ED10BD4-7337-4DB1-8953-98489D09F507}.R2021|x64.Build.0 = R2021|x64
		{5ED10BD4-7337-4DB1-8953-98489D09F507}.R2022|x64.ActiveCfg = R2022|x64
		{5ED10BD4-7337-4DB1-8953-98489D09F507}.R2022|x64.Build.0 = R2022|x64
		{40E928EA-29EF-4831-BD9D-23B843BEF905}.D2020|x64.ActiveCfg = D2020|x64
		{40E928EA-29EF-4831-BD9D-23B843BEF905}.D2020|x64.Build.0 = D2020|x64
		{40E928EA-29EF-4831-BD9D-23B843BEF905}.D2021|x64.ActiveCfg = D2021|x64
		{40E928EA-29EF-4831-BD9D-23B843BEF905}.D2021|x64.Build.0 = D2021|x64
		{40E928EA-29EF-4831-BD9D-23B843BEF905}.D2022|x64.ActiveCfg = D2022|x64
		{40E928EA-29EF-4831-BD9D-23B843BEF905}.D2022|x64.Build.0 = D2022|x64
		{40E928EA-29EF-4831-BD9D-23B843BEF905}.R2020|x64.ActiveCfg = R2020|x64
		{40E928EA-29EF-4831-BD9D-23B843BEF905}.R2020|x64.Build.0 = R2020|x64
		{40E928EA-29EF-4831-BD9D-23B843BEF905}.R2021|x64.ActiveCfg = R2021|x64
		{40E928EA-29EF-4831-BD9D-23B843BEF905}.R2021|x64.Build.0 = R2021|x64
		{40E928EA-29EF-4831-BD9D-23B843BEF905}.R2022|x64.ActiveCfg = R2022|x64
		{40E928EA-29EF-4831-BD9D-23B843BEF905}.R2022|x64.Build.0 = R2022|x64
		{8DF9A156-6ACD-4E5E-A2BA-0B748ABF225C}.D2020|x64.ActiveCfg = D2020|x64
		{8DF9A156-6ACD-4E5E-A2BA-0B748ABF225C}.D2020|x64.Build.0 = D2020|x64
		{8DF9A156-6ACD-4E5E-A2BA-0B748ABF225C}.D2021|x64.ActiveCfg = D2021|x64
		{8DF9A156-6ACD-4E5E-A2BA-0B748ABF225C}.D2021|x64.Build.0 = D2021|x64
		{8DF9A156-6ACD-4E5E-A2BA-0B748ABF225C}.D2022|x64.ActiveCfg = D2022|x64
		{8DF9A156-6ACD-4E5E-A2BA-0B748ABF225C}.D2022|x64.Build.0 = D2022|x64
		{8DF9A156-6ACD-4E5E-A2BA-0B748ABF225C}.R2020|x64.ActiveCfg = R2020|x64
		{8DF9A156-6ACD-4E5E-A2BA-0B748ABF225C}.R2020|x64.Build.0 = R2020|x64
		{8DF9A156-6ACD-4E5E-A2BA-0B748ABF225C}.R2021|x64.ActiveCfg = R2021|x64
		{8DF9A156-6ACD-4E5E-A2BA-0B748ABF225C}.R2021|x64.Build.0 = R2021|x64
		{8DF9A156-6ACD-4E5E-A2BA-0B748ABF225C}.R2022|x64.ActiveCfg = R2022|x64
		{8DF9A156-6ACD-4E5E-A2BA-0B748ABF225C}.R2022|x64.Build.0 = R2022|x64
		{4ABC3706-AF4D-48E1-AA42-87D379B742E1}.D2020|x64.ActiveCfg = D2020|x64
		{4ABC3706-AF4D-48E1-AA42-87D379B742E1}.D2020|x64.Build.0 = D2020|x64
		{4ABC3706-AF4D-48E1-AA42-87D379B742E1}.D2021|x64.ActiveCfg = D2021|x64
		{4ABC3706-AF4D-48E1-AA42-87D379B742E1}.D2021|x64.Build.0 = D2021|x64
		{4ABC3706-AF4D-48E1-AA42-87D379B742E1}.D2022|x64.ActiveCfg = D2022|x64
		{4ABC3706-AF4D-48E1-AA42-87D379B742E1}.D2022|x64.Build.0 = D2022|x64
		{4ABC3706-AF4D-48E1-AA42-87D379B742E1}.R2020|x64.ActiveCfg = R2020|x64
		{4ABC3706-AF4D-48E1-AA42-87D379B742E1}.R2020|x64.Build.0 = R2020|x64
		{4ABC3706-AF4D-48E1-AA42-87D379B742E1}.R2021|x64.ActiveCfg = R2021|x64
		{4ABC3706-AF4D-48E1-AA42-87D379B742E1}.R2021|x64.Build.0 = R2021|x64
		{4ABC3706-AF4D-48E1-AA42-87D379B742E1}.R2022|x64.ActiveCfg = R2022|x64
		{4ABC3706-AF4D-48E1-AA42-87D379B742E1}.R2022|x64.Build.0 = R2022|x64
		{B209CB3B-C4C1-4FB9-85CE-B0FA52DF6F80}.D2020|x64.ActiveCfg = D2020|x64
		{B209CB3B-C4C1-4FB9-85CE-B0FA52DF6F80}.D2020|x64.Build.0 = D2020|x64
		{B209CB3B-C4C1-4FB9-85CE-B0FA52DF6F80}.D2021|x64.ActiveCfg = D2021|x64
		{B209CB3B-C4C1-4FB9-85CE-B0FA52DF6F80}.D2021|x64.Build.0 = D2021|x64
		{B209CB3B-C4C1-4FB9-85CE-B0FA52DF6F80}.D2022|x64.ActiveCfg = D2022|x64
		{B209CB3B-C4C1-4FB9-85CE-B0FA52DF6F80}.D2022|x64.Build.0 = D2022|x64
		{B209CB3B-C4C1-4FB9-85CE-B0FA52DF6F80}.R2020|x64.ActiveCfg = R2020|x64
		{B209CB3B-C4C1-4FB9-85CE-B0FA52DF6F80}.R2020|x64.Build.0 = R2020|x64
		{B209CB3B-C4C1-4FB9-85CE-B0FA52DF6F80}.R2021|x64.ActiveCfg = R2021|x64
		{B209CB3B-C4C1-4FB9-85CE-B0FA52DF6F80}.R2021|x64.Build.0 = R2021|x64
		{B209CB3B-C4C1-4FB9-85CE-B0FA52DF6F80}.R2022|x64.ActiveCfg = R2022|x64
		{B209CB3B-C4C1-4FB9-85CE-B0FA52DF6F80}.R2022|x64.Build.0 = R2022|x64
	EndGlobalSection
	GlobalSection(SolutionProperties) = preSolution
		HideSolutionNode = FALSE
	EndGlobalSection
	GlobalSection(ExtensibilityGlobals) = postSolution
		SolutionGuid = {2332A0ED-46BB-427C-AAD9-EFA10FA76316}
	EndGlobalSection
EndGlobal
