
Microsoft Visual Studio Solution File, Format Version 12.00
# Visual Studio Version 17
VisualStudioVersion = 17.4.33213.308
MinimumVisualStudioVersion = 10.0.40219.1
Project("{2150E333-8FDC-42A3-9474-1A3956D46DE8}") = "ProjectProps", "ProjectProps", "{036539D1-9384-4C6B-8A92-B9A50994DE8D}"
	ProjectSection(SolutionItems) = preProject
		src\_ProjectProps\DevExpress.props = src\_ProjectProps\DevExpress.props
		src\_ProjectProps\RevitClashes.props = src\_ProjectProps\RevitClashes.props
	EndProjectSection
EndProject
Project("{2150E333-8FDC-42A3-9474-1A3956D46DE8}") = "dosymep", "dosymep", "{064729BC-2CB6-4910-9C93-C687F7E2B1CD}"
	ProjectSection(SolutionItems) = preProject
		src\dosymep\AppDomainExtensions.cs = src\dosymep\AppDomainExtensions.cs
		src\dosymep\AsyncRelayCommand.cs = src\dosymep\AsyncRelayCommand.cs
		src\dosymep\AsyncRelayCommand.T.cs = src\dosymep\AsyncRelayCommand.T.cs
		src\dosymep\BasePluginCommand.cs = src\dosymep\BasePluginCommand.cs
		src\dosymep\BaseViewModel.cs = src\dosymep\BaseViewModel.cs
		src\dosymep\BoolToStringConverter.cs = src\dosymep\BoolToStringConverter.cs
		src\dosymep\BoolToVisibilityConverter.cs = src\dosymep\BoolToVisibilityConverter.cs
		src\dosymep\ConfigSerializer.cs = src\dosymep\ConfigSerializer.cs
		src\dosymep\ConvertibleExtention.cs = src\dosymep\ConvertibleExtention.cs
		src\dosymep\DisableCollapseGroupRowCommand.cs = src\dosymep\DisableCollapseGroupRowCommand.cs
		src\dosymep\ElementIdConverter.cs = src\dosymep\ElementIdConverter.cs
		src\dosymep\EnumConverter.cs = src\dosymep\EnumConverter.cs
		src\dosymep\EnumToItemsSource.cs = src\dosymep\EnumToItemsSource.cs
		src\dosymep\GroupRowChildrenValuesConverter.cs = src\dosymep\GroupRowChildrenValuesConverter.cs
		src\dosymep\GroupRowExtensions.cs = src\dosymep\GroupRowExtensions.cs
		src\dosymep\GroupRowValueConverter.cs = src\dosymep\GroupRowValueConverter.cs
		src\dosymep\IAsyncCommand.cs = src\dosymep\IAsyncCommand.cs
		src\dosymep\IAsyncCommand.T.cs = src\dosymep\IAsyncCommand.T.cs
		src\dosymep\ICommand.cs = src\dosymep\ICommand.cs
		src\dosymep\IndexConverter.cs = src\dosymep\IndexConverter.cs
		src\dosymep\InverseBooleanConverter.cs = src\dosymep\InverseBooleanConverter.cs
		src\dosymep\NullToStringConverter.cs = src\dosymep\NullToStringConverter.cs
		src\dosymep\ObservableObject.cs = src\dosymep\ObservableObject.cs
		src\dosymep\PlatformWindow.cs = src\dosymep\PlatformWindow.cs
		src\dosymep\RelayCommand.cs = src\dosymep\RelayCommand.cs
		src\dosymep\RelayCommand.T.cs = src\dosymep\RelayCommand.T.cs
		src\dosymep\RevitViewTypeConverter.cs = src\dosymep\RevitViewTypeConverter.cs
		src\dosymep\ThemedPlatformWindow.cs = src\dosymep\ThemedPlatformWindow.cs
	EndProjectSection
EndProject
Project("{2150E333-8FDC-42A3-9474-1A3956D46DE8}") = "Solution Items", "Solution Items", "{0C7777D6-5306-4473-A046-497D2B54E4CA}"
	ProjectSection(SolutionItems) = preProject
		.editorconfig = .editorconfig
		.gitattributes = .gitattributes
		.gitignore = .gitignore
		CODE_STYLE_GUIDE.md = CODE_STYLE_GUIDE.md
		CONTRIBUTING.md = CONTRIBUTING.md
		CREDITS.md = CREDITS.md
		src\Directory.Build.props = src\Directory.Build.props
		src\Directory.Build.targets = src\Directory.Build.targets
		LICENSE.md = LICENSE.md
		README.md = README.md
	EndProjectSection
EndProject
Project("{2150E333-8FDC-42A3-9474-1A3956D46DE8}") = "Models", "Models", "{968DE2B9-F390-4B99-A796-A797FBB7847A}"
	ProjectSection(SolutionItems) = preProject
		src\RevitClashes\Models\ChecksConfig.cs = src\RevitClashes\Models\ChecksConfig.cs
		src\RevitClashes\Models\Collector.cs = src\RevitClashes\Models\Collector.cs
		src\RevitClashes\Models\ConfigLoader.cs = src\RevitClashes\Models\ConfigLoader.cs
		src\RevitClashes\Models\ConfigSaver.cs = src\RevitClashes\Models\ConfigSaver.cs
		src\RevitClashes\Models\DocInfo.cs = src\RevitClashes\Models\DocInfo.cs
		src\RevitClashes\Models\NameResolver.cs = src\RevitClashes\Models\NameResolver.cs
		src\RevitClashes\Models\ProjectConfigBuilder.cs = src\RevitClashes\Models\ProjectConfigBuilder.cs
		src\RevitClashes\Models\RevitParamConverter.cs = src\RevitClashes\Models\RevitParamConverter.cs
		src\RevitClashes\Models\RevitRepository.cs = src\RevitClashes\Models\RevitRepository.cs
		src\RevitClashes\Models\View3DBuilder.cs = src\RevitClashes\Models\View3DBuilder.cs
	EndProjectSection
EndProject
Project("{2150E333-8FDC-42A3-9474-1A3956D46DE8}") = "ClashDetection", "ClashDetection", "{435BD787-178B-4358-82CA-FC242DDD4371}"
	ProjectSection(SolutionItems) = preProject
		src\RevitClashes\Models\ClashDetection\ClashDetector.cs = src\RevitClashes\Models\ClashDetection\ClashDetector.cs
		src\RevitClashes\Models\ClashDetection\FilterProvider.cs = src\RevitClashes\Models\ClashDetection\FilterProvider.cs
		src\RevitClashes\Models\ClashDetection\ProvidersClashDetector.cs = src\RevitClashes\Models\ClashDetection\ProvidersClashDetector.cs
	EndProjectSection
EndProject
Project("{2150E333-8FDC-42A3-9474-1A3956D46DE8}") = "Clashes", "Clashes", "{4526DA81-105F-41F7-8EA9-EBC495EEEBD6}"
	ProjectSection(SolutionItems) = preProject
		src\RevitClashes\Models\Clashes\ClashData.cs = src\RevitClashes\Models\Clashes\ClashData.cs
		src\RevitClashes\Models\Clashes\ClashesConfig.cs = src\RevitClashes\Models\Clashes\ClashesConfig.cs
		src\RevitClashes\Models\Clashes\ClashModel.cs = src\RevitClashes\Models\Clashes\ClashModel.cs
		src\RevitClashes\Models\Clashes\ElementModel.cs = src\RevitClashes\Models\Clashes\ElementModel.cs
		src\RevitClashes\Models\Clashes\TransformModel.cs = src\RevitClashes\Models\Clashes\TransformModel.cs
		src\RevitClashes\Models\Clashes\XYZModel.cs = src\RevitClashes\Models\Clashes\XYZModel.cs
	EndProjectSection
EndProject
Project("{2150E333-8FDC-42A3-9474-1A3956D46DE8}") = "Evaluators", "Evaluators", "{84024C31-F7A3-48D1-949D-A529A5C1ED42}"
	ProjectSection(SolutionItems) = preProject
		src\RevitClashes\Models\Evaluators\RuleEvaluators.cs = src\RevitClashes\Models\Evaluators\RuleEvaluators.cs
		src\RevitClashes\Models\Evaluators\SetEvaluatorUtils.cs = src\RevitClashes\Models\Evaluators\SetEvaluatorUtils.cs
	EndProjectSection
EndProject
Project("{2150E333-8FDC-42A3-9474-1A3956D46DE8}") = "Extensions", "Extensions", "{A5EE8BFC-F18E-4A18-BC8D-4F63E63CE772}"
	ProjectSection(SolutionItems) = preProject
		src\RevitClashes\Models\Extensions\BoundingBoxExtensions.cs = src\RevitClashes\Models\Extensions\BoundingBoxExtensions.cs
		src\RevitClashes\Models\Extensions\ElementExtensions.cs = src\RevitClashes\Models\Extensions\ElementExtensions.cs
		src\RevitClashes\Models\Extensions\SolidExtension.cs = src\RevitClashes\Models\Extensions\SolidExtension.cs
		src\RevitClashes\Models\Extensions\TransformExtension.cs = src\RevitClashes\Models\Extensions\TransformExtension.cs
	EndProjectSection
EndProject
Project("{2150E333-8FDC-42A3-9474-1A3956D46DE8}") = "FilterableValueProviders", "FilterableValueProviders", "{95CEC2DC-2DFC-49BB-9D30-0572B973DB96}"
	ProjectSection(SolutionItems) = preProject
		src\RevitClashes\Models\FilterableValueProviders\ParameterInitializer.cs = src\RevitClashes\Models\FilterableValueProviders\ParameterInitializer.cs
		src\RevitClashes\Models\FilterableValueProviders\ParameterValueProvider.cs = src\RevitClashes\Models\FilterableValueProviders\ParameterValueProvider.cs
		src\RevitClashes\Models\FilterableValueProviders\WorksetValueProvider.cs = src\RevitClashes\Models\FilterableValueProviders\WorksetValueProvider.cs
	EndProjectSection
EndProject
Project("{2150E333-8FDC-42A3-9474-1A3956D46DE8}") = "FilterCreators", "FilterCreators", "{15420EBA-B659-4405-B9A0-E85AC85D53AB}"
EndProject
Project("{2150E333-8FDC-42A3-9474-1A3956D46DE8}") = "RevitFilterCreators", "RevitFilterCreators", "{9711B9A7-25AF-49F6-B828-FAA0C141EF3B}"
	ProjectSection(SolutionItems) = preProject
		src\RevitClashes\Models\FilterCreators\RevitFilterCreators\RevitLogicalAndFilterCreator.cs = src\RevitClashes\Models\FilterCreators\RevitFilterCreators\RevitLogicalAndFilterCreator.cs
		src\RevitClashes\Models\FilterCreators\RevitFilterCreators\RevitLogicalOrFilterCreator.cs = src\RevitClashes\Models\FilterCreators\RevitFilterCreators\RevitLogicalOrFilterCreator.cs
	EndProjectSection
EndProject
Project("{2150E333-8FDC-42A3-9474-1A3956D46DE8}") = "FilterGenerators", "FilterGenerators", "{5122432D-5182-4CD9-ACAB-6A410A3B29A7}"
	ProjectSection(SolutionItems) = preProject
		src\RevitClashes\Models\FilterGenerators\RevitFilter.cs = src\RevitClashes\Models\FilterGenerators\RevitFilter.cs
		src\RevitClashes\Models\FilterGenerators\RevitFilterGenerator.cs = src\RevitClashes\Models\FilterGenerators\RevitFilterGenerator.cs
		src\RevitClashes\Models\FilterGenerators\RevitRule.cs = src\RevitClashes\Models\FilterGenerators\RevitRule.cs
	EndProjectSection
EndProject
Project("{2150E333-8FDC-42A3-9474-1A3956D46DE8}") = "FilterModel", "FilterModel", "{CCFFC2FF-46AE-43D5-88F7-25C3E1E86EDD}"
	ProjectSection(SolutionItems) = preProject
		src\RevitClashes\Models\FilterModel\Criterion.cs = src\RevitClashes\Models\FilterModel\Criterion.cs
		src\RevitClashes\Models\FilterModel\Filter.cs = src\RevitClashes\Models\FilterModel\Filter.cs
		src\RevitClashes\Models\FilterModel\FiltersConfig.cs = src\RevitClashes\Models\FilterModel\FiltersConfig.cs
		src\RevitClashes\Models\FilterModel\RevitClashConfigSerializer.cs = src\RevitClashes\Models\FilterModel\RevitClashConfigSerializer.cs
		src\RevitClashes\Models\FilterModel\RevitClashesSerializationBinder.cs = src\RevitClashes\Models\FilterModel\RevitClashesSerializationBinder.cs
		src\RevitClashes\Models\FilterModel\Rule.cs = src\RevitClashes\Models\FilterModel\Rule.cs
		src\RevitClashes\Models\FilterModel\Set.cs = src\RevitClashes\Models\FilterModel\Set.cs
	EndProjectSection
EndProject
Project("{2150E333-8FDC-42A3-9474-1A3956D46DE8}") = "Interfaces", "Interfaces", "{47CEC06A-AA7E-4562-97B1-EBDAB13A4A3D}"
	ProjectSection(SolutionItems) = preProject
		src\RevitClashes\Models\Interfaces\ICriterion.cs = src\RevitClashes\Models\Interfaces\ICriterion.cs
		src\RevitClashes\Models\Interfaces\IFilter.cs = src\RevitClashes\Models\Interfaces\IFilter.cs
		src\RevitClashes\Models\Interfaces\IFilterableValueProvider.cs = src\RevitClashes\Models\Interfaces\IFilterableValueProvider.cs
		src\RevitClashes\Models\Interfaces\IFilterGenerator.cs = src\RevitClashes\Models\Interfaces\IFilterGenerator.cs
		src\RevitClashes\Models\Interfaces\INamedEntity.cs = src\RevitClashes\Models\Interfaces\INamedEntity.cs
		src\RevitClashes\Models\Interfaces\IProvider.cs = src\RevitClashes\Models\Interfaces\IProvider.cs
		src\RevitClashes\Models\Interfaces\IRevitLogicalFilterCreator.cs = src\RevitClashes\Models\Interfaces\IRevitLogicalFilterCreator.cs
		src\RevitClashes\Models\Interfaces\IRevitRuleCreator.cs = src\RevitClashes\Models\Interfaces\IRevitRuleCreator.cs
		src\RevitClashes\Models\Interfaces\IRule.cs = src\RevitClashes\Models\Interfaces\IRule.cs
		src\RevitClashes\Models\Interfaces\IView3DBuilder.cs = src\RevitClashes\Models\Interfaces\IView3DBuilder.cs
		src\RevitClashes\Models\Interfaces\IView3DProvider.cs = src\RevitClashes\Models\Interfaces\IView3DProvider.cs
		src\RevitClashes\Models\Interfaces\IView3DSetting.cs = src\RevitClashes\Models\Interfaces\IView3DSetting.cs
		src\RevitClashes\Models\Interfaces\IVisiter.cs = src\RevitClashes\Models\Interfaces\IVisiter.cs
	EndProjectSection
EndProject
Project("{2150E333-8FDC-42A3-9474-1A3956D46DE8}") = "RevitClashReport", "RevitClashReport", "{C9F52F92-6BD2-4A45-8297-8775E5FE371A}"
	ProjectSection(SolutionItems) = preProject
		src\RevitClashes\Models\RevitClashReport\BaseClashesLoader.cs = src\RevitClashes\Models\RevitClashReport\BaseClashesLoader.cs
		src\RevitClashes\Models\RevitClashReport\NavisHtmlClashesLoader.cs = src\RevitClashes\Models\RevitClashReport\NavisHtmlClashesLoader.cs
		src\RevitClashes\Models\RevitClashReport\PluginClashesLoader.cs = src\RevitClashes\Models\RevitClashReport\PluginClashesLoader.cs
		src\RevitClashes\Models\RevitClashReport\ReportLoader.cs = src\RevitClashes\Models\RevitClashReport\ReportLoader.cs
		src\RevitClashes\Models\RevitClashReport\RevitClashesLoader.cs = src\RevitClashes\Models\RevitClashReport\RevitClashesLoader.cs
	EndProjectSection
EndProject
Project("{2150E333-8FDC-42A3-9474-1A3956D46DE8}") = "Utils", "Utils", "{53A474C0-AD86-4DA3-B140-86344DF32811}"
	ProjectSection(SolutionItems) = preProject
		src\RevitClashes\Models\Utils\DoubleValueParser.cs = src\RevitClashes\Models\Utils\DoubleValueParser.cs
	EndProjectSection
EndProject
Project("{2150E333-8FDC-42A3-9474-1A3956D46DE8}") = "Value", "Value", "{D9C7C058-C70E-4F81-9CAD-C7CF7D952CCF}"
	ProjectSection(SolutionItems) = preProject
		src\RevitClashes\Models\Value\DoubleParamValue.cs = src\RevitClashes\Models\Value\DoubleParamValue.cs
		src\RevitClashes\Models\Value\ElementIdParamValue.cs = src\RevitClashes\Models\Value\ElementIdParamValue.cs
		src\RevitClashes\Models\Value\IntParamValue.cs = src\RevitClashes\Models\Value\IntParamValue.cs
		src\RevitClashes\Models\Value\ParamValue.cs = src\RevitClashes\Models\Value\ParamValue.cs
		src\RevitClashes\Models\Value\StringParamValue.cs = src\RevitClashes\Models\Value\StringParamValue.cs
	EndProjectSection
EndProject
Project("{2150E333-8FDC-42A3-9474-1A3956D46DE8}") = "Visiter", "Visiter", "{D9661EB6-ECF7-4E7F-B055-65A6313EDF8B}"
	ProjectSection(SolutionItems) = preProject
		src\RevitClashes\Models\Visiter\BeginsWithVisister.cs = src\RevitClashes\Models\Visiter\BeginsWithVisister.cs
		src\RevitClashes\Models\Visiter\ContainsVisiter.cs = src\RevitClashes\Models\Visiter\ContainsVisiter.cs
		src\RevitClashes\Models\Visiter\EndsWithVisister.cs = src\RevitClashes\Models\Visiter\EndsWithVisister.cs
		src\RevitClashes\Models\Visiter\EqualsVisiter.cs = src\RevitClashes\Models\Visiter\EqualsVisiter.cs
		src\RevitClashes\Models\Visiter\GreaterOrEqualVisister.cs = src\RevitClashes\Models\Visiter\GreaterOrEqualVisister.cs
		src\RevitClashes\Models\Visiter\GreaterVisister.cs = src\RevitClashes\Models\Visiter\GreaterVisister.cs
		src\RevitClashes\Models\Visiter\HasNoValueVisister.cs = src\RevitClashes\Models\Visiter\HasNoValueVisister.cs
		src\RevitClashes\Models\Visiter\HasValueVisister.cs = src\RevitClashes\Models\Visiter\HasValueVisister.cs
		src\RevitClashes\Models\Visiter\LessOrEqualVisister.cs = src\RevitClashes\Models\Visiter\LessOrEqualVisister.cs
		src\RevitClashes\Models\Visiter\LessVisister.cs = src\RevitClashes\Models\Visiter\LessVisister.cs
		src\RevitClashes\Models\Visiter\NotBeginsWithVisister.cs = src\RevitClashes\Models\Visiter\NotBeginsWithVisister.cs
		src\RevitClashes\Models\Visiter\NotContainsVisister.cs = src\RevitClashes\Models\Visiter\NotContainsVisister.cs
		src\RevitClashes\Models\Visiter\NotEndsWithVisister.cs = src\RevitClashes\Models\Visiter\NotEndsWithVisister.cs
		src\RevitClashes\Models\Visiter\NotEqualsVisister.cs = src\RevitClashes\Models\Visiter\NotEqualsVisister.cs
	EndProjectSection
EndProject
Project("{2150E333-8FDC-42A3-9474-1A3956D46DE8}") = "RevitViewSettings", "RevitViewSettings", "{74DD9D4A-AEAD-4C5E-ACBD-B5447AA791DA}"
	ProjectSection(SolutionItems) = preProject
		src\RevitClashes\Models\RevitViewSettings\DetailLevelSetting.cs = src\RevitClashes\Models\RevitViewSettings\DetailLevelSetting.cs
		src\RevitClashes\Models\RevitViewSettings\DisplayStyleSetting.cs = src\RevitClashes\Models\RevitViewSettings\DisplayStyleSetting.cs
		src\RevitClashes\Models\RevitViewSettings\FilterSetting.cs = src\RevitClashes\Models\RevitViewSettings\FilterSetting.cs
		src\RevitClashes\Models\RevitViewSettings\HiddenCategoriesSetting.cs = src\RevitClashes\Models\RevitViewSettings\HiddenCategoriesSetting.cs
		src\RevitClashes\Models\RevitViewSettings\ParamSetting.cs = src\RevitClashes\Models\RevitViewSettings\ParamSetting.cs
		src\RevitClashes\Models\RevitViewSettings\TransparencySetting.cs = src\RevitClashes\Models\RevitViewSettings\TransparencySetting.cs
	EndProjectSection
EndProject
Project("{2150E333-8FDC-42A3-9474-1A3956D46DE8}") = "Handlers", "Handlers", "{7D8627B7-D98F-4D86-A10F-7C9DA00EEA7B}"
	ProjectSection(SolutionItems) = preProject
		RevitClashes\Models\Handlers\RevitEventHandler.cs = RevitClashes\Models\Handlers\RevitEventHandler.cs
	EndProjectSection
EndProject
Project("{2150E333-8FDC-42A3-9474-1A3956D46DE8}") = "GraphicView", "GraphicView", "{E41C8530-D08A-4320-BA0D-D604D85E23D2}"
	ProjectSection(SolutionItems) = preProject
		src\RevitClashes\Models\GraphicView\ParameterFilterProvider.cs = src\RevitClashes\Models\GraphicView\ParameterFilterProvider.cs
	EndProjectSection
EndProject
Project("{9A19103F-16F7-4668-BE54-9A1E7A4F7556}") = "RevitGenLookupTables", "src\RevitGenLookupTables\RevitGenLookupTables.csproj", "{65795232-ECD1-4811-A473-B718AE74E4E1}"
EndProject
Project("{9A19103F-16F7-4668-BE54-9A1E7A4F7556}") = "RevitFamilyExplorer", "src\RevitFamilyExplorer\RevitFamilyExplorer.csproj", "{0D3A89D6-19AA-44BA-A854-D5C63542CC60}"
EndProject
Project("{9A19103F-16F7-4668-BE54-9A1E7A4F7556}") = "RevitPlugins", "src\RevitPlugins\RevitPlugins.csproj", "{51D125DA-535F-49EF-BDF6-5AE94B39E9BB}"
EndProject
Project("{9A19103F-16F7-4668-BE54-9A1E7A4F7556}") = "RevitPlatformSettings", "src\RevitPlatformSettings\RevitPlatformSettings.csproj", "{5C9650AE-A794-47C6-B5F7-92D099018302}"
EndProject
Project("{9A19103F-16F7-4668-BE54-9A1E7A4F7556}") = "RevitBatchPrint", "src\RevitBatchPrint\RevitBatchPrint.csproj", "{C95B3383-B620-463C-9A33-7D290095B73A}"
EndProject
Project("{9A19103F-16F7-4668-BE54-9A1E7A4F7556}") = "RevitCopyStandarts", "src\RevitCopyStandarts\RevitCopyStandarts.csproj", "{42B67242-5EFD-4D2F-80E3-457B6647BF3B}"
EndProject
Project("{9A19103F-16F7-4668-BE54-9A1E7A4F7556}") = "RevitCopyViews", "src\RevitCopyViews\RevitCopyViews.csproj", "{9BCEA845-B482-46E8-B916-00F0B97F6BD6}"
EndProject
Project("{9A19103F-16F7-4668-BE54-9A1E7A4F7556}") = "RevitCreateViewSheet", "src\RevitCreateViewSheet\RevitCreateViewSheet.csproj", "{41FFB315-803C-4CDD-B783-82FAD825465D}"
EndProject
Project("{9A19103F-16F7-4668-BE54-9A1E7A4F7556}") = "RevitSuperfilter", "src\RevitSuperfilter\RevitSuperfilter.csproj", "{AEF99352-8D07-4269-B9D9-AA369EDE4CBD}"
EndProject
Project("{9A19103F-16F7-4668-BE54-9A1E7A4F7556}") = "RevitServerFolders", "src\RevitServerFolders\RevitServerFolders.csproj", "{9781A7B1-452D-489D-BD54-44E17FAF323B}"
EndProject
Project("{9A19103F-16F7-4668-BE54-9A1E7A4F7556}") = "RevitRooms", "src\RevitRooms\RevitRooms.csproj", "{5ED10BD4-7337-4DB1-8953-98489D09F507}"
EndProject
Project("{9A19103F-16F7-4668-BE54-9A1E7A4F7556}") = "RevitLintelPlacement", "src\RevitLintelPlacement\RevitLintelPlacement.csproj", "{40E928EA-29EF-4831-BD9D-23B843BEF905}"
EndProject
Project("{9A19103F-16F7-4668-BE54-9A1E7A4F7556}") = "RevitMarkPlacement", "src\RevitMarkPlacement\RevitMarkPlacement.csproj", "{8DF9A156-6ACD-4E5E-A2BA-0B748ABF225C}"
EndProject
Project("{9A19103F-16F7-4668-BE54-9A1E7A4F7556}") = "RevitSetLevelSection", "src\RevitSetLevelSection\RevitSetLevelSection.csproj", "{4ABC3706-AF4D-48E1-AA42-87D379B742E1}"
EndProject
Project("{9A19103F-16F7-4668-BE54-9A1E7A4F7556}") = "RevitClashDetective", "src\RevitClashDetective\RevitClashDetective.csproj", "{B209CB3B-C4C1-4FB9-85CE-B0FA52DF6F80}"
EndProject
Project("{9A19103F-16F7-4668-BE54-9A1E7A4F7556}") = "RevitWindowGapPlacement", "src\RevitWindowGapPlacement\RevitWindowGapPlacement.csproj", "{997A6771-5EA7-4435-AC55-6578E052269C}"
EndProject
Project("{9A19103F-16F7-4668-BE54-9A1E7A4F7556}") = "RevitOpeningPlacement", "src\RevitOpeningPlacement\RevitOpeningPlacement.csproj", "{80EA241A-E858-41E8-B7DB-ABBD6199841D}"
EndProject
Project("{2150E333-8FDC-42A3-9474-1A3956D46DE8}") = "RevitClashes", "RevitClashes", "{D1D5F8CC-CC58-4C3B-AC68-F2451FA3BFC6}"
EndProject
Project("{9A19103F-16F7-4668-BE54-9A1E7A4F7556}") = "_build", "build\_build.csproj", "{09BF8F15-C3C3-4631-A773-A4434F8E083B}"
EndProject
Project("{9A19103F-16F7-4668-BE54-9A1E7A4F7556}") = "RevitCheckingLevels", "src\RevitCheckingLevels\RevitCheckingLevels.csproj", "{4BAEB10E-CEB9-4EA7-B1CB-38125A453CB4}"
EndProject
Project("{9A19103F-16F7-4668-BE54-9A1E7A4F7556}") = "RevitCopingZones", "src\RevitCopingZones\RevitCopingZones.csproj", "{799E0D79-162C-4903-8A01-8A9977A8C144}"
EndProject
Project("{9A19103F-16F7-4668-BE54-9A1E7A4F7556}") = "RevitEditingZones", "src\RevitEditingZones\RevitEditingZones.csproj", "{09A8D037-DD95-4B6D-97AD-6250EE49509E}"
EndProject
Project("{9A19103F-16F7-4668-BE54-9A1E7A4F7556}") = "RevitDeleteUnused", "src\RevitDeleteUnused\RevitDeleteUnused.csproj", "{0EC70618-8306-4F61-B6D0-33C9EC69A760}"
EndProject
Project("{9A19103F-16F7-4668-BE54-9A1E7A4F7556}") = "RevitCreatingFiltersByValues", "src\RevitCreatingFiltersByValues\RevitCreatingFiltersByValues.csproj", "{00E0CFBB-04FC-4AC9-9866-D5FF1D170AF5}"
EndProject
Project("{9A19103F-16F7-4668-BE54-9A1E7A4F7556}") = "RevitPylonDocumentation", "src\RevitPylonDocumentation\RevitPylonDocumentation.csproj", "{42A58D54-EF10-4D56-BA3A-8A48049788A5}"
EndProject
Project("{9A19103F-16F7-4668-BE54-9A1E7A4F7556}") = "RevitShakeSpecs", "src\RevitShakeSpecs\RevitShakeSpecs.csproj", "{BD87AF99-1763-4D67-B31C-EE2ADFE70842}"
EndProject
Project("{9A19103F-16F7-4668-BE54-9A1E7A4F7556}") = "RevitFamilyParameterAdder", "src\RevitFamilyParameterAdder\RevitFamilyParameterAdder.csproj", "{2B6FAF2C-CACD-455A-9DE8-1114350B5FF8}"
EndProject
Project("{9A19103F-16F7-4668-BE54-9A1E7A4F7556}") = "RevitOverridingGraphicsInViews", "src\RevitOverridingGraphicsInViews\RevitOverridingGraphicsInViews.csproj", "{397CE8C6-5145-495D-820A-DDCB57F3D0EC}"
EndProject
Project("{9A19103F-16F7-4668-BE54-9A1E7A4F7556}") = "RevitArchitecturalDocumentation", "src\RevitArchitecturalDocumentation\RevitArchitecturalDocumentation.csproj", "{0DB7668A-6DC4-40EB-8087-FFFA081457DE}"
EndProject
Project("{9A19103F-16F7-4668-BE54-9A1E7A4F7556}") = "RevitIsolateByParameter", "src\RevitIsolateByParameter\RevitIsolateByParameter.csproj", "{26EF3796-6DB1-4220-8E72-20964F436840}"
EndProject
Project("{9A19103F-16F7-4668-BE54-9A1E7A4F7556}") = "RevitVolumeOfWork", "src\RevitVolumeOfWork\RevitVolumeOfWork.csproj", "{68F00EE4-FAE1-48A5-9831-E5A2EB5D76B1}"
EndProject
Project("{9A19103F-16F7-4668-BE54-9A1E7A4F7556}") = "RevitRoomTagPlacement", "src\RevitRoomTagPlacement\RevitRoomTagPlacement.csproj", "{74007891-BCB9-40B9-993D-8D86DB5CD8F6}"
EndProject
Project("{9A19103F-16F7-4668-BE54-9A1E7A4F7556}") = "RevitMepTotals", "src\RevitMepTotals\RevitMepTotals.csproj", "{FEAE3AF1-6122-4BBC-A2F4-1246AC8051FA}"
EndProject
Project("{9A19103F-16F7-4668-BE54-9A1E7A4F7556}") = "RevitRemoveRoomTags", "src\RevitRemoveRoomTags\RevitRemoveRoomTags.csproj", "{DC5CC041-62D8-493A-A4D8-C0183C830EAE}"
EndProject
Project("{2150E333-8FDC-42A3-9474-1A3956D46DE8}") = "RevitVersions", "RevitVersions", "{F3815C09-E697-4ADF-A0CE-16ABF03F8D44}"
	ProjectSection(SolutionItems) = preProject
		src\_RevitVersions\Autodesk.Revit.Sdk.Refs.2016.props = src\_RevitVersions\Autodesk.Revit.Sdk.Refs.2016.props
		src\_RevitVersions\Autodesk.Revit.Sdk.Refs.2017.props = src\_RevitVersions\Autodesk.Revit.Sdk.Refs.2017.props
		src\_RevitVersions\Autodesk.Revit.Sdk.Refs.2018.props = src\_RevitVersions\Autodesk.Revit.Sdk.Refs.2018.props
		src\_RevitVersions\Autodesk.Revit.Sdk.Refs.2019.props = src\_RevitVersions\Autodesk.Revit.Sdk.Refs.2019.props
		src\_RevitVersions\Autodesk.Revit.Sdk.Refs.2020.props = src\_RevitVersions\Autodesk.Revit.Sdk.Refs.2020.props
		src\_RevitVersions\Autodesk.Revit.Sdk.Refs.2021.props = src\_RevitVersions\Autodesk.Revit.Sdk.Refs.2021.props
		src\_RevitVersions\Autodesk.Revit.Sdk.Refs.2022.props = src\_RevitVersions\Autodesk.Revit.Sdk.Refs.2022.props
		src\_RevitVersions\Autodesk.Revit.Sdk.Refs.2023.props = src\_RevitVersions\Autodesk.Revit.Sdk.Refs.2023.props
		src\_RevitVersions\Autodesk.Revit.Sdk.Refs.2024.props = src\_RevitVersions\Autodesk.Revit.Sdk.Refs.2024.props
	EndProjectSection
EndProject
Project("{9A19103F-16F7-4668-BE54-9A1E7A4F7556}") = "RevitOpeningSlopes", "src\RevitOpeningSlopes\RevitOpeningSlopes.csproj", "{9502A80B-94D8-4701-A907-1933DBAD0E80}"
EndProject
Project("{9A19103F-16F7-4668-BE54-9A1E7A4F7556}") = "RevitSectionsConstructor", "src\RevitSectionsConstructor\RevitSectionsConstructor.csproj", "{ED097443-BBE0-488F-BECC-7C7FDA188D74}"
EndProject
Project("{9A19103F-16F7-4668-BE54-9A1E7A4F7556}") = "RevitFinishingWalls", "src\RevitFinishingWalls\RevitFinishingWalls.csproj", "{6EDA98F4-285F-47A1-BEBA-6EAE9323D9DF}"
EndProject
Project("{9A19103F-16F7-4668-BE54-9A1E7A4F7556}") = "RevitReinforcementCoefficient", "src\RevitReinforcementCoefficient\RevitReinforcementCoefficient.csproj", "{BA555C42-F0F2-4C1F-9AC7-0B5E76B1B4A9}"
EndProject
Project("{9A19103F-16F7-4668-BE54-9A1E7A4F7556}") = "RevitApartmentPlans", "src\RevitApartmentPlans\RevitApartmentPlans.csproj", "{C2BD63D9-4E08-4DBC-8945-1495D92E1A7B}"
EndProject
Project("{9A19103F-16F7-4668-BE54-9A1E7A4F7556}") = "RevitDeclarations", "src\RevitDeclarations\RevitDeclarations.csproj", "{34158D77-41CE-47FE-ADDF-B7B2BADED907}"
EndProject
Project("{9A19103F-16F7-4668-BE54-9A1E7A4F7556}") = "RevitExamplePlugin", "src\RevitExamplePlugin\RevitExamplePlugin.csproj", "{4AEC72C6-12FC-4130-A80F-B496546A084D}"
EndProject
Global
	GlobalSection(SolutionConfigurationPlatforms) = preSolution
		D2020|x64 = D2020|x64
		D2021|x64 = D2021|x64
		D2022|x64 = D2022|x64
		D2023|x64 = D2023|x64
		D2024|x64 = D2024|x64
		Debug|x64 = Debug|x64
		Release|x64 = Release|x64
	EndGlobalSection
	GlobalSection(ProjectConfigurationPlatforms) = postSolution
		{65795232-ECD1-4811-A473-B718AE74E4E1}.D2020|x64.ActiveCfg = D2020|x64
		{65795232-ECD1-4811-A473-B718AE74E4E1}.D2020|x64.Build.0 = D2020|x64
		{65795232-ECD1-4811-A473-B718AE74E4E1}.D2021|x64.ActiveCfg = D2021|x64
		{65795232-ECD1-4811-A473-B718AE74E4E1}.D2021|x64.Build.0 = D2021|x64
		{65795232-ECD1-4811-A473-B718AE74E4E1}.D2022|x64.ActiveCfg = D2022|x64
		{65795232-ECD1-4811-A473-B718AE74E4E1}.D2022|x64.Build.0 = D2022|x64
		{65795232-ECD1-4811-A473-B718AE74E4E1}.D2023|x64.ActiveCfg = D2023|x64
		{65795232-ECD1-4811-A473-B718AE74E4E1}.D2023|x64.Build.0 = D2023|x64
		{65795232-ECD1-4811-A473-B718AE74E4E1}.D2024|x64.ActiveCfg = D2024|x64
		{65795232-ECD1-4811-A473-B718AE74E4E1}.D2024|x64.Build.0 = D2024|x64
		{65795232-ECD1-4811-A473-B718AE74E4E1}.Debug|x64.ActiveCfg = Debug|x64
		{65795232-ECD1-4811-A473-B718AE74E4E1}.Debug|x64.Build.0 = Debug|x64
		{65795232-ECD1-4811-A473-B718AE74E4E1}.Release|x64.ActiveCfg = Release|x64
		{65795232-ECD1-4811-A473-B718AE74E4E1}.Release|x64.Build.0 = Release|x64
		{0D3A89D6-19AA-44BA-A854-D5C63542CC60}.D2020|x64.ActiveCfg = D2020|x64
		{0D3A89D6-19AA-44BA-A854-D5C63542CC60}.D2020|x64.Build.0 = D2020|x64
		{0D3A89D6-19AA-44BA-A854-D5C63542CC60}.D2021|x64.ActiveCfg = D2021|x64
		{0D3A89D6-19AA-44BA-A854-D5C63542CC60}.D2021|x64.Build.0 = D2021|x64
		{0D3A89D6-19AA-44BA-A854-D5C63542CC60}.D2022|x64.ActiveCfg = D2022|x64
		{0D3A89D6-19AA-44BA-A854-D5C63542CC60}.D2022|x64.Build.0 = D2022|x64
		{0D3A89D6-19AA-44BA-A854-D5C63542CC60}.D2023|x64.ActiveCfg = D2023|x64
		{0D3A89D6-19AA-44BA-A854-D5C63542CC60}.D2023|x64.Build.0 = D2023|x64
		{0D3A89D6-19AA-44BA-A854-D5C63542CC60}.D2024|x64.ActiveCfg = D2024|x64
		{0D3A89D6-19AA-44BA-A854-D5C63542CC60}.D2024|x64.Build.0 = D2024|x64
		{0D3A89D6-19AA-44BA-A854-D5C63542CC60}.Debug|x64.ActiveCfg = Debug|x64
		{0D3A89D6-19AA-44BA-A854-D5C63542CC60}.Debug|x64.Build.0 = Debug|x64
		{0D3A89D6-19AA-44BA-A854-D5C63542CC60}.Release|x64.ActiveCfg = Release|x64
		{0D3A89D6-19AA-44BA-A854-D5C63542CC60}.Release|x64.Build.0 = Release|x64
		{51D125DA-535F-49EF-BDF6-5AE94B39E9BB}.D2020|x64.ActiveCfg = D2020|x64
		{51D125DA-535F-49EF-BDF6-5AE94B39E9BB}.D2020|x64.Build.0 = D2020|x64
		{51D125DA-535F-49EF-BDF6-5AE94B39E9BB}.D2021|x64.ActiveCfg = D2021|x64
		{51D125DA-535F-49EF-BDF6-5AE94B39E9BB}.D2021|x64.Build.0 = D2021|x64
		{51D125DA-535F-49EF-BDF6-5AE94B39E9BB}.D2022|x64.ActiveCfg = D2022|x64
		{51D125DA-535F-49EF-BDF6-5AE94B39E9BB}.D2022|x64.Build.0 = D2022|x64
		{51D125DA-535F-49EF-BDF6-5AE94B39E9BB}.D2023|x64.ActiveCfg = D2023|x64
		{51D125DA-535F-49EF-BDF6-5AE94B39E9BB}.D2023|x64.Build.0 = D2023|x64
		{51D125DA-535F-49EF-BDF6-5AE94B39E9BB}.D2024|x64.ActiveCfg = D2024|x64
		{51D125DA-535F-49EF-BDF6-5AE94B39E9BB}.D2024|x64.Build.0 = D2024|x64
		{51D125DA-535F-49EF-BDF6-5AE94B39E9BB}.Debug|x64.ActiveCfg = Debug|x64
		{51D125DA-535F-49EF-BDF6-5AE94B39E9BB}.Debug|x64.Build.0 = Debug|x64
		{51D125DA-535F-49EF-BDF6-5AE94B39E9BB}.Release|x64.ActiveCfg = Release|x64
		{51D125DA-535F-49EF-BDF6-5AE94B39E9BB}.Release|x64.Build.0 = Release|x64
		{5C9650AE-A794-47C6-B5F7-92D099018302}.D2020|x64.ActiveCfg = D2020|x64
		{5C9650AE-A794-47C6-B5F7-92D099018302}.D2020|x64.Build.0 = D2020|x64
		{5C9650AE-A794-47C6-B5F7-92D099018302}.D2021|x64.ActiveCfg = D2021|x64
		{5C9650AE-A794-47C6-B5F7-92D099018302}.D2021|x64.Build.0 = D2021|x64
		{5C9650AE-A794-47C6-B5F7-92D099018302}.D2022|x64.ActiveCfg = D2022|x64
		{5C9650AE-A794-47C6-B5F7-92D099018302}.D2022|x64.Build.0 = D2022|x64
		{5C9650AE-A794-47C6-B5F7-92D099018302}.D2023|x64.ActiveCfg = D2023|x64
		{5C9650AE-A794-47C6-B5F7-92D099018302}.D2023|x64.Build.0 = D2023|x64
		{5C9650AE-A794-47C6-B5F7-92D099018302}.D2024|x64.ActiveCfg = D2024|x64
		{5C9650AE-A794-47C6-B5F7-92D099018302}.D2024|x64.Build.0 = D2024|x64
		{5C9650AE-A794-47C6-B5F7-92D099018302}.Debug|x64.ActiveCfg = Debug|x64
		{5C9650AE-A794-47C6-B5F7-92D099018302}.Debug|x64.Build.0 = Debug|x64
		{5C9650AE-A794-47C6-B5F7-92D099018302}.Release|x64.ActiveCfg = Release|x64
		{5C9650AE-A794-47C6-B5F7-92D099018302}.Release|x64.Build.0 = Release|x64
		{C95B3383-B620-463C-9A33-7D290095B73A}.D2020|x64.ActiveCfg = D2020|x64
		{C95B3383-B620-463C-9A33-7D290095B73A}.D2020|x64.Build.0 = D2020|x64
		{C95B3383-B620-463C-9A33-7D290095B73A}.D2021|x64.ActiveCfg = D2021|x64
		{C95B3383-B620-463C-9A33-7D290095B73A}.D2021|x64.Build.0 = D2021|x64
		{C95B3383-B620-463C-9A33-7D290095B73A}.D2022|x64.ActiveCfg = D2022|x64
		{C95B3383-B620-463C-9A33-7D290095B73A}.D2022|x64.Build.0 = D2022|x64
		{C95B3383-B620-463C-9A33-7D290095B73A}.D2023|x64.ActiveCfg = D2023|x64
		{C95B3383-B620-463C-9A33-7D290095B73A}.D2023|x64.Build.0 = D2023|x64
		{C95B3383-B620-463C-9A33-7D290095B73A}.D2024|x64.ActiveCfg = D2024|x64
		{C95B3383-B620-463C-9A33-7D290095B73A}.D2024|x64.Build.0 = D2024|x64
		{C95B3383-B620-463C-9A33-7D290095B73A}.Debug|x64.ActiveCfg = Debug|x64
		{C95B3383-B620-463C-9A33-7D290095B73A}.Debug|x64.Build.0 = Debug|x64
		{C95B3383-B620-463C-9A33-7D290095B73A}.Release|x64.ActiveCfg = Release|x64
		{C95B3383-B620-463C-9A33-7D290095B73A}.Release|x64.Build.0 = Release|x64
		{42B67242-5EFD-4D2F-80E3-457B6647BF3B}.D2020|x64.ActiveCfg = D2020|x64
		{42B67242-5EFD-4D2F-80E3-457B6647BF3B}.D2020|x64.Build.0 = D2020|x64
		{42B67242-5EFD-4D2F-80E3-457B6647BF3B}.D2021|x64.ActiveCfg = D2021|x64
		{42B67242-5EFD-4D2F-80E3-457B6647BF3B}.D2021|x64.Build.0 = D2021|x64
		{42B67242-5EFD-4D2F-80E3-457B6647BF3B}.D2022|x64.ActiveCfg = D2022|x64
		{42B67242-5EFD-4D2F-80E3-457B6647BF3B}.D2022|x64.Build.0 = D2022|x64
		{42B67242-5EFD-4D2F-80E3-457B6647BF3B}.D2023|x64.ActiveCfg = D2023|x64
		{42B67242-5EFD-4D2F-80E3-457B6647BF3B}.D2023|x64.Build.0 = D2023|x64
		{42B67242-5EFD-4D2F-80E3-457B6647BF3B}.D2024|x64.ActiveCfg = D2024|x64
		{42B67242-5EFD-4D2F-80E3-457B6647BF3B}.D2024|x64.Build.0 = D2024|x64
		{42B67242-5EFD-4D2F-80E3-457B6647BF3B}.Debug|x64.ActiveCfg = Debug|x64
		{42B67242-5EFD-4D2F-80E3-457B6647BF3B}.Debug|x64.Build.0 = Debug|x64
		{42B67242-5EFD-4D2F-80E3-457B6647BF3B}.Release|x64.ActiveCfg = Release|x64
		{42B67242-5EFD-4D2F-80E3-457B6647BF3B}.Release|x64.Build.0 = Release|x64
		{9BCEA845-B482-46E8-B916-00F0B97F6BD6}.D2020|x64.ActiveCfg = D2020|x64
		{9BCEA845-B482-46E8-B916-00F0B97F6BD6}.D2020|x64.Build.0 = D2020|x64
		{9BCEA845-B482-46E8-B916-00F0B97F6BD6}.D2021|x64.ActiveCfg = D2021|x64
		{9BCEA845-B482-46E8-B916-00F0B97F6BD6}.D2021|x64.Build.0 = D2021|x64
		{9BCEA845-B482-46E8-B916-00F0B97F6BD6}.D2022|x64.ActiveCfg = D2022|x64
		{9BCEA845-B482-46E8-B916-00F0B97F6BD6}.D2022|x64.Build.0 = D2022|x64
		{9BCEA845-B482-46E8-B916-00F0B97F6BD6}.D2023|x64.ActiveCfg = D2023|x64
		{9BCEA845-B482-46E8-B916-00F0B97F6BD6}.D2023|x64.Build.0 = D2023|x64
		{9BCEA845-B482-46E8-B916-00F0B97F6BD6}.D2024|x64.ActiveCfg = D2024|x64
		{9BCEA845-B482-46E8-B916-00F0B97F6BD6}.D2024|x64.Build.0 = D2024|x64
		{9BCEA845-B482-46E8-B916-00F0B97F6BD6}.Debug|x64.ActiveCfg = Debug|x64
		{9BCEA845-B482-46E8-B916-00F0B97F6BD6}.Debug|x64.Build.0 = Debug|x64
		{9BCEA845-B482-46E8-B916-00F0B97F6BD6}.Release|x64.ActiveCfg = Release|x64
		{9BCEA845-B482-46E8-B916-00F0B97F6BD6}.Release|x64.Build.0 = Release|x64
		{41FFB315-803C-4CDD-B783-82FAD825465D}.D2020|x64.ActiveCfg = D2020|x64
		{41FFB315-803C-4CDD-B783-82FAD825465D}.D2020|x64.Build.0 = D2020|x64
		{41FFB315-803C-4CDD-B783-82FAD825465D}.D2021|x64.ActiveCfg = D2021|x64
		{41FFB315-803C-4CDD-B783-82FAD825465D}.D2021|x64.Build.0 = D2021|x64
		{41FFB315-803C-4CDD-B783-82FAD825465D}.D2022|x64.ActiveCfg = D2022|x64
		{41FFB315-803C-4CDD-B783-82FAD825465D}.D2022|x64.Build.0 = D2022|x64
		{41FFB315-803C-4CDD-B783-82FAD825465D}.D2023|x64.ActiveCfg = D2023|x64
		{41FFB315-803C-4CDD-B783-82FAD825465D}.D2023|x64.Build.0 = D2023|x64
		{41FFB315-803C-4CDD-B783-82FAD825465D}.D2024|x64.ActiveCfg = D2024|x64
		{41FFB315-803C-4CDD-B783-82FAD825465D}.D2024|x64.Build.0 = D2024|x64
		{41FFB315-803C-4CDD-B783-82FAD825465D}.Debug|x64.ActiveCfg = Debug|x64
		{41FFB315-803C-4CDD-B783-82FAD825465D}.Debug|x64.Build.0 = Debug|x64
		{41FFB315-803C-4CDD-B783-82FAD825465D}.Release|x64.ActiveCfg = Release|x64
		{41FFB315-803C-4CDD-B783-82FAD825465D}.Release|x64.Build.0 = Release|x64
		{AEF99352-8D07-4269-B9D9-AA369EDE4CBD}.D2020|x64.ActiveCfg = D2020|x64
		{AEF99352-8D07-4269-B9D9-AA369EDE4CBD}.D2020|x64.Build.0 = D2020|x64
		{AEF99352-8D07-4269-B9D9-AA369EDE4CBD}.D2021|x64.ActiveCfg = D2021|x64
		{AEF99352-8D07-4269-B9D9-AA369EDE4CBD}.D2021|x64.Build.0 = D2021|x64
		{AEF99352-8D07-4269-B9D9-AA369EDE4CBD}.D2022|x64.ActiveCfg = D2022|x64
		{AEF99352-8D07-4269-B9D9-AA369EDE4CBD}.D2022|x64.Build.0 = D2022|x64
		{AEF99352-8D07-4269-B9D9-AA369EDE4CBD}.D2023|x64.ActiveCfg = D2023|x64
		{AEF99352-8D07-4269-B9D9-AA369EDE4CBD}.D2023|x64.Build.0 = D2023|x64
		{AEF99352-8D07-4269-B9D9-AA369EDE4CBD}.D2024|x64.ActiveCfg = D2024|x64
		{AEF99352-8D07-4269-B9D9-AA369EDE4CBD}.D2024|x64.Build.0 = D2024|x64
		{AEF99352-8D07-4269-B9D9-AA369EDE4CBD}.Debug|x64.ActiveCfg = Debug|x64
		{AEF99352-8D07-4269-B9D9-AA369EDE4CBD}.Debug|x64.Build.0 = Debug|x64
		{AEF99352-8D07-4269-B9D9-AA369EDE4CBD}.Release|x64.ActiveCfg = Release|x64
		{AEF99352-8D07-4269-B9D9-AA369EDE4CBD}.Release|x64.Build.0 = Release|x64
		{9781A7B1-452D-489D-BD54-44E17FAF323B}.D2020|x64.ActiveCfg = D2020|x64
		{9781A7B1-452D-489D-BD54-44E17FAF323B}.D2020|x64.Build.0 = D2020|x64
		{9781A7B1-452D-489D-BD54-44E17FAF323B}.D2021|x64.ActiveCfg = D2021|x64
		{9781A7B1-452D-489D-BD54-44E17FAF323B}.D2021|x64.Build.0 = D2021|x64
		{9781A7B1-452D-489D-BD54-44E17FAF323B}.D2022|x64.ActiveCfg = D2022|x64
		{9781A7B1-452D-489D-BD54-44E17FAF323B}.D2022|x64.Build.0 = D2022|x64
		{9781A7B1-452D-489D-BD54-44E17FAF323B}.D2023|x64.ActiveCfg = D2023|x64
		{9781A7B1-452D-489D-BD54-44E17FAF323B}.D2023|x64.Build.0 = D2023|x64
		{9781A7B1-452D-489D-BD54-44E17FAF323B}.D2024|x64.ActiveCfg = D2024|x64
		{9781A7B1-452D-489D-BD54-44E17FAF323B}.D2024|x64.Build.0 = D2024|x64
		{9781A7B1-452D-489D-BD54-44E17FAF323B}.Debug|x64.ActiveCfg = Debug|x64
		{9781A7B1-452D-489D-BD54-44E17FAF323B}.Debug|x64.Build.0 = Debug|x64
		{9781A7B1-452D-489D-BD54-44E17FAF323B}.Release|x64.ActiveCfg = Release|x64
		{9781A7B1-452D-489D-BD54-44E17FAF323B}.Release|x64.Build.0 = Release|x64
		{5ED10BD4-7337-4DB1-8953-98489D09F507}.D2020|x64.ActiveCfg = D2020|x64
		{5ED10BD4-7337-4DB1-8953-98489D09F507}.D2020|x64.Build.0 = D2020|x64
		{5ED10BD4-7337-4DB1-8953-98489D09F507}.D2021|x64.ActiveCfg = D2021|x64
		{5ED10BD4-7337-4DB1-8953-98489D09F507}.D2021|x64.Build.0 = D2021|x64
		{5ED10BD4-7337-4DB1-8953-98489D09F507}.D2022|x64.ActiveCfg = D2022|x64
		{5ED10BD4-7337-4DB1-8953-98489D09F507}.D2022|x64.Build.0 = D2022|x64
		{5ED10BD4-7337-4DB1-8953-98489D09F507}.D2023|x64.ActiveCfg = D2023|x64
		{5ED10BD4-7337-4DB1-8953-98489D09F507}.D2023|x64.Build.0 = D2023|x64
		{5ED10BD4-7337-4DB1-8953-98489D09F507}.D2024|x64.ActiveCfg = D2024|x64
		{5ED10BD4-7337-4DB1-8953-98489D09F507}.D2024|x64.Build.0 = D2024|x64
		{5ED10BD4-7337-4DB1-8953-98489D09F507}.Debug|x64.ActiveCfg = Debug|x64
		{5ED10BD4-7337-4DB1-8953-98489D09F507}.Debug|x64.Build.0 = Debug|x64
		{5ED10BD4-7337-4DB1-8953-98489D09F507}.Release|x64.ActiveCfg = Release|x64
		{5ED10BD4-7337-4DB1-8953-98489D09F507}.Release|x64.Build.0 = Release|x64
		{40E928EA-29EF-4831-BD9D-23B843BEF905}.D2020|x64.ActiveCfg = D2020|x64
		{40E928EA-29EF-4831-BD9D-23B843BEF905}.D2020|x64.Build.0 = D2020|x64
		{40E928EA-29EF-4831-BD9D-23B843BEF905}.D2021|x64.ActiveCfg = D2021|x64
		{40E928EA-29EF-4831-BD9D-23B843BEF905}.D2021|x64.Build.0 = D2021|x64
		{40E928EA-29EF-4831-BD9D-23B843BEF905}.D2022|x64.ActiveCfg = D2022|x64
		{40E928EA-29EF-4831-BD9D-23B843BEF905}.D2022|x64.Build.0 = D2022|x64
		{40E928EA-29EF-4831-BD9D-23B843BEF905}.D2023|x64.ActiveCfg = D2023|x64
		{40E928EA-29EF-4831-BD9D-23B843BEF905}.D2023|x64.Build.0 = D2023|x64
		{40E928EA-29EF-4831-BD9D-23B843BEF905}.D2024|x64.ActiveCfg = D2024|x64
		{40E928EA-29EF-4831-BD9D-23B843BEF905}.D2024|x64.Build.0 = D2024|x64
		{40E928EA-29EF-4831-BD9D-23B843BEF905}.Debug|x64.ActiveCfg = Debug|x64
		{40E928EA-29EF-4831-BD9D-23B843BEF905}.Debug|x64.Build.0 = Debug|x64
		{40E928EA-29EF-4831-BD9D-23B843BEF905}.Release|x64.ActiveCfg = Release|x64
		{40E928EA-29EF-4831-BD9D-23B843BEF905}.Release|x64.Build.0 = Release|x64
		{8DF9A156-6ACD-4E5E-A2BA-0B748ABF225C}.D2020|x64.ActiveCfg = D2020|x64
		{8DF9A156-6ACD-4E5E-A2BA-0B748ABF225C}.D2020|x64.Build.0 = D2020|x64
		{8DF9A156-6ACD-4E5E-A2BA-0B748ABF225C}.D2021|x64.ActiveCfg = D2021|x64
		{8DF9A156-6ACD-4E5E-A2BA-0B748ABF225C}.D2021|x64.Build.0 = D2021|x64
		{8DF9A156-6ACD-4E5E-A2BA-0B748ABF225C}.D2022|x64.ActiveCfg = D2022|x64
		{8DF9A156-6ACD-4E5E-A2BA-0B748ABF225C}.D2022|x64.Build.0 = D2022|x64
		{8DF9A156-6ACD-4E5E-A2BA-0B748ABF225C}.D2023|x64.ActiveCfg = D2023|x64
		{8DF9A156-6ACD-4E5E-A2BA-0B748ABF225C}.D2023|x64.Build.0 = D2023|x64
		{8DF9A156-6ACD-4E5E-A2BA-0B748ABF225C}.D2024|x64.ActiveCfg = D2024|x64
		{8DF9A156-6ACD-4E5E-A2BA-0B748ABF225C}.D2024|x64.Build.0 = D2024|x64
		{8DF9A156-6ACD-4E5E-A2BA-0B748ABF225C}.Debug|x64.ActiveCfg = Debug|x64
		{8DF9A156-6ACD-4E5E-A2BA-0B748ABF225C}.Debug|x64.Build.0 = Debug|x64
		{8DF9A156-6ACD-4E5E-A2BA-0B748ABF225C}.Release|x64.ActiveCfg = Release|x64
		{8DF9A156-6ACD-4E5E-A2BA-0B748ABF225C}.Release|x64.Build.0 = Release|x64
		{4ABC3706-AF4D-48E1-AA42-87D379B742E1}.D2020|x64.ActiveCfg = D2020|x64
		{4ABC3706-AF4D-48E1-AA42-87D379B742E1}.D2020|x64.Build.0 = D2020|x64
		{4ABC3706-AF4D-48E1-AA42-87D379B742E1}.D2021|x64.ActiveCfg = D2021|x64
		{4ABC3706-AF4D-48E1-AA42-87D379B742E1}.D2021|x64.Build.0 = D2021|x64
		{4ABC3706-AF4D-48E1-AA42-87D379B742E1}.D2022|x64.ActiveCfg = D2022|x64
		{4ABC3706-AF4D-48E1-AA42-87D379B742E1}.D2022|x64.Build.0 = D2022|x64
		{4ABC3706-AF4D-48E1-AA42-87D379B742E1}.D2023|x64.ActiveCfg = D2023|x64
		{4ABC3706-AF4D-48E1-AA42-87D379B742E1}.D2023|x64.Build.0 = D2023|x64
		{4ABC3706-AF4D-48E1-AA42-87D379B742E1}.D2024|x64.ActiveCfg = D2024|x64
		{4ABC3706-AF4D-48E1-AA42-87D379B742E1}.D2024|x64.Build.0 = D2024|x64
		{4ABC3706-AF4D-48E1-AA42-87D379B742E1}.Debug|x64.ActiveCfg = Debug|x64
		{4ABC3706-AF4D-48E1-AA42-87D379B742E1}.Debug|x64.Build.0 = Debug|x64
		{4ABC3706-AF4D-48E1-AA42-87D379B742E1}.Release|x64.ActiveCfg = Release|x64
		{4ABC3706-AF4D-48E1-AA42-87D379B742E1}.Release|x64.Build.0 = Release|x64
		{B209CB3B-C4C1-4FB9-85CE-B0FA52DF6F80}.D2020|x64.ActiveCfg = D2020|x64
		{B209CB3B-C4C1-4FB9-85CE-B0FA52DF6F80}.D2020|x64.Build.0 = D2020|x64
		{B209CB3B-C4C1-4FB9-85CE-B0FA52DF6F80}.D2021|x64.ActiveCfg = D2021|x64
		{B209CB3B-C4C1-4FB9-85CE-B0FA52DF6F80}.D2021|x64.Build.0 = D2021|x64
		{B209CB3B-C4C1-4FB9-85CE-B0FA52DF6F80}.D2022|x64.ActiveCfg = D2022|x64
		{B209CB3B-C4C1-4FB9-85CE-B0FA52DF6F80}.D2022|x64.Build.0 = D2022|x64
		{B209CB3B-C4C1-4FB9-85CE-B0FA52DF6F80}.D2023|x64.ActiveCfg = D2023|x64
		{B209CB3B-C4C1-4FB9-85CE-B0FA52DF6F80}.D2023|x64.Build.0 = D2023|x64
		{B209CB3B-C4C1-4FB9-85CE-B0FA52DF6F80}.D2024|x64.ActiveCfg = D2024|x64
		{B209CB3B-C4C1-4FB9-85CE-B0FA52DF6F80}.D2024|x64.Build.0 = D2024|x64
		{B209CB3B-C4C1-4FB9-85CE-B0FA52DF6F80}.Debug|x64.ActiveCfg = Debug|x64
		{B209CB3B-C4C1-4FB9-85CE-B0FA52DF6F80}.Debug|x64.Build.0 = Debug|x64
		{B209CB3B-C4C1-4FB9-85CE-B0FA52DF6F80}.Release|x64.ActiveCfg = Release|x64
		{B209CB3B-C4C1-4FB9-85CE-B0FA52DF6F80}.Release|x64.Build.0 = Release|x64
		{997A6771-5EA7-4435-AC55-6578E052269C}.D2020|x64.ActiveCfg = D2020|x64
		{997A6771-5EA7-4435-AC55-6578E052269C}.D2020|x64.Build.0 = D2020|x64
		{997A6771-5EA7-4435-AC55-6578E052269C}.D2021|x64.ActiveCfg = D2021|x64
		{997A6771-5EA7-4435-AC55-6578E052269C}.D2021|x64.Build.0 = D2021|x64
		{997A6771-5EA7-4435-AC55-6578E052269C}.D2022|x64.ActiveCfg = D2022|x64
		{997A6771-5EA7-4435-AC55-6578E052269C}.D2022|x64.Build.0 = D2022|x64
		{997A6771-5EA7-4435-AC55-6578E052269C}.D2023|x64.ActiveCfg = D2023|x64
		{997A6771-5EA7-4435-AC55-6578E052269C}.D2023|x64.Build.0 = D2023|x64
		{997A6771-5EA7-4435-AC55-6578E052269C}.D2024|x64.ActiveCfg = D2024|x64
		{997A6771-5EA7-4435-AC55-6578E052269C}.D2024|x64.Build.0 = D2024|x64
		{997A6771-5EA7-4435-AC55-6578E052269C}.Debug|x64.ActiveCfg = Debug|x64
		{997A6771-5EA7-4435-AC55-6578E052269C}.Debug|x64.Build.0 = Debug|x64
		{997A6771-5EA7-4435-AC55-6578E052269C}.Release|x64.ActiveCfg = Release|x64
		{997A6771-5EA7-4435-AC55-6578E052269C}.Release|x64.Build.0 = Release|x64
		{80EA241A-E858-41E8-B7DB-ABBD6199841D}.D2020|x64.ActiveCfg = D2020|x64
		{80EA241A-E858-41E8-B7DB-ABBD6199841D}.D2020|x64.Build.0 = D2020|x64
		{80EA241A-E858-41E8-B7DB-ABBD6199841D}.D2021|x64.ActiveCfg = D2021|x64
		{80EA241A-E858-41E8-B7DB-ABBD6199841D}.D2021|x64.Build.0 = D2021|x64
		{80EA241A-E858-41E8-B7DB-ABBD6199841D}.D2022|x64.ActiveCfg = D2022|x64
		{80EA241A-E858-41E8-B7DB-ABBD6199841D}.D2022|x64.Build.0 = D2022|x64
		{80EA241A-E858-41E8-B7DB-ABBD6199841D}.D2023|x64.ActiveCfg = D2023|x64
		{80EA241A-E858-41E8-B7DB-ABBD6199841D}.D2023|x64.Build.0 = D2023|x64
		{80EA241A-E858-41E8-B7DB-ABBD6199841D}.D2024|x64.ActiveCfg = D2024|x64
		{80EA241A-E858-41E8-B7DB-ABBD6199841D}.D2024|x64.Build.0 = D2024|x64
		{80EA241A-E858-41E8-B7DB-ABBD6199841D}.Debug|x64.ActiveCfg = Debug|x64
		{80EA241A-E858-41E8-B7DB-ABBD6199841D}.Debug|x64.Build.0 = Debug|x64
		{80EA241A-E858-41E8-B7DB-ABBD6199841D}.Release|x64.ActiveCfg = Release|x64
		{80EA241A-E858-41E8-B7DB-ABBD6199841D}.Release|x64.Build.0 = Release|x64
		{09BF8F15-C3C3-4631-A773-A4434F8E083B}.D2020|x64.ActiveCfg = Debug|Any CPU
		{09BF8F15-C3C3-4631-A773-A4434F8E083B}.D2021|x64.ActiveCfg = Debug|Any CPU
		{09BF8F15-C3C3-4631-A773-A4434F8E083B}.D2022|x64.ActiveCfg = Debug|Any CPU
		{09BF8F15-C3C3-4631-A773-A4434F8E083B}.D2022|x64.Build.0 = Debug|Any CPU
		{09BF8F15-C3C3-4631-A773-A4434F8E083B}.D2023|x64.ActiveCfg = Debug|Any CPU
		{09BF8F15-C3C3-4631-A773-A4434F8E083B}.D2024|x64.ActiveCfg = Debug|Any CPU
		{09BF8F15-C3C3-4631-A773-A4434F8E083B}.Debug|x64.ActiveCfg = Debug|x64
		{09BF8F15-C3C3-4631-A773-A4434F8E083B}.Release|x64.ActiveCfg = Release|x64
		{4BAEB10E-CEB9-4EA7-B1CB-38125A453CB4}.D2020|x64.ActiveCfg = D2020|x64
		{4BAEB10E-CEB9-4EA7-B1CB-38125A453CB4}.D2020|x64.Build.0 = D2020|x64
		{4BAEB10E-CEB9-4EA7-B1CB-38125A453CB4}.D2021|x64.ActiveCfg = D2021|x64
		{4BAEB10E-CEB9-4EA7-B1CB-38125A453CB4}.D2021|x64.Build.0 = D2021|x64
		{4BAEB10E-CEB9-4EA7-B1CB-38125A453CB4}.D2022|x64.ActiveCfg = D2022|x64
		{4BAEB10E-CEB9-4EA7-B1CB-38125A453CB4}.D2022|x64.Build.0 = D2022|x64
		{4BAEB10E-CEB9-4EA7-B1CB-38125A453CB4}.D2023|x64.ActiveCfg = D2023|x64
		{4BAEB10E-CEB9-4EA7-B1CB-38125A453CB4}.D2023|x64.Build.0 = D2023|x64
		{4BAEB10E-CEB9-4EA7-B1CB-38125A453CB4}.D2024|x64.ActiveCfg = D2024|x64
		{4BAEB10E-CEB9-4EA7-B1CB-38125A453CB4}.D2024|x64.Build.0 = D2024|x64
		{4BAEB10E-CEB9-4EA7-B1CB-38125A453CB4}.Debug|x64.ActiveCfg = Debug|x64
		{4BAEB10E-CEB9-4EA7-B1CB-38125A453CB4}.Debug|x64.Build.0 = Debug|x64
		{4BAEB10E-CEB9-4EA7-B1CB-38125A453CB4}.Release|x64.ActiveCfg = Release|x64
		{4BAEB10E-CEB9-4EA7-B1CB-38125A453CB4}.Release|x64.Build.0 = Release|x64
		{799E0D79-162C-4903-8A01-8A9977A8C144}.D2020|x64.ActiveCfg = D2020|x64
		{799E0D79-162C-4903-8A01-8A9977A8C144}.D2020|x64.Build.0 = D2020|x64
		{799E0D79-162C-4903-8A01-8A9977A8C144}.D2021|x64.ActiveCfg = D2021|x64
		{799E0D79-162C-4903-8A01-8A9977A8C144}.D2021|x64.Build.0 = D2021|x64
		{799E0D79-162C-4903-8A01-8A9977A8C144}.D2022|x64.ActiveCfg = D2022|x64
		{799E0D79-162C-4903-8A01-8A9977A8C144}.D2022|x64.Build.0 = D2022|x64
		{799E0D79-162C-4903-8A01-8A9977A8C144}.D2023|x64.ActiveCfg = D2023|x64
		{799E0D79-162C-4903-8A01-8A9977A8C144}.D2023|x64.Build.0 = D2023|x64
		{799E0D79-162C-4903-8A01-8A9977A8C144}.D2024|x64.ActiveCfg = D2024|x64
		{799E0D79-162C-4903-8A01-8A9977A8C144}.D2024|x64.Build.0 = D2024|x64
		{799E0D79-162C-4903-8A01-8A9977A8C144}.Debug|x64.ActiveCfg = Debug|x64
		{799E0D79-162C-4903-8A01-8A9977A8C144}.Debug|x64.Build.0 = Debug|x64
		{799E0D79-162C-4903-8A01-8A9977A8C144}.Release|x64.ActiveCfg = Release|x64
		{799E0D79-162C-4903-8A01-8A9977A8C144}.Release|x64.Build.0 = Release|x64
		{09A8D037-DD95-4B6D-97AD-6250EE49509E}.D2020|x64.ActiveCfg = D2020|x64
		{09A8D037-DD95-4B6D-97AD-6250EE49509E}.D2020|x64.Build.0 = D2020|x64
		{09A8D037-DD95-4B6D-97AD-6250EE49509E}.D2021|x64.ActiveCfg = D2021|x64
		{09A8D037-DD95-4B6D-97AD-6250EE49509E}.D2021|x64.Build.0 = D2021|x64
		{09A8D037-DD95-4B6D-97AD-6250EE49509E}.D2022|x64.ActiveCfg = D2022|x64
		{09A8D037-DD95-4B6D-97AD-6250EE49509E}.D2022|x64.Build.0 = D2022|x64
		{09A8D037-DD95-4B6D-97AD-6250EE49509E}.D2023|x64.ActiveCfg = D2023|x64
		{09A8D037-DD95-4B6D-97AD-6250EE49509E}.D2023|x64.Build.0 = D2023|x64
		{09A8D037-DD95-4B6D-97AD-6250EE49509E}.D2024|x64.ActiveCfg = D2024|x64
		{09A8D037-DD95-4B6D-97AD-6250EE49509E}.D2024|x64.Build.0 = D2024|x64
		{09A8D037-DD95-4B6D-97AD-6250EE49509E}.Debug|x64.ActiveCfg = Debug|x64
		{09A8D037-DD95-4B6D-97AD-6250EE49509E}.Debug|x64.Build.0 = Debug|x64
		{09A8D037-DD95-4B6D-97AD-6250EE49509E}.Release|x64.ActiveCfg = Release|x64
		{09A8D037-DD95-4B6D-97AD-6250EE49509E}.Release|x64.Build.0 = Release|x64
		{0EC70618-8306-4F61-B6D0-33C9EC69A760}.D2020|x64.ActiveCfg = D2020|x64
		{0EC70618-8306-4F61-B6D0-33C9EC69A760}.D2020|x64.Build.0 = D2020|x64
		{0EC70618-8306-4F61-B6D0-33C9EC69A760}.D2021|x64.ActiveCfg = D2021|x64
		{0EC70618-8306-4F61-B6D0-33C9EC69A760}.D2021|x64.Build.0 = D2021|x64
		{0EC70618-8306-4F61-B6D0-33C9EC69A760}.D2022|x64.ActiveCfg = D2022|x64
		{0EC70618-8306-4F61-B6D0-33C9EC69A760}.D2022|x64.Build.0 = D2022|x64
		{0EC70618-8306-4F61-B6D0-33C9EC69A760}.D2023|x64.ActiveCfg = D2023|x64
		{0EC70618-8306-4F61-B6D0-33C9EC69A760}.D2023|x64.Build.0 = D2023|x64
		{0EC70618-8306-4F61-B6D0-33C9EC69A760}.D2024|x64.ActiveCfg = D2024|x64
		{0EC70618-8306-4F61-B6D0-33C9EC69A760}.D2024|x64.Build.0 = D2024|x64
		{0EC70618-8306-4F61-B6D0-33C9EC69A760}.Debug|x64.ActiveCfg = Debug|x64
		{0EC70618-8306-4F61-B6D0-33C9EC69A760}.Debug|x64.Build.0 = Debug|x64
		{0EC70618-8306-4F61-B6D0-33C9EC69A760}.Release|x64.ActiveCfg = Release|x64
		{0EC70618-8306-4F61-B6D0-33C9EC69A760}.Release|x64.Build.0 = Release|x64
		{00E0CFBB-04FC-4AC9-9866-D5FF1D170AF5}.D2020|x64.ActiveCfg = D2020|x64
		{00E0CFBB-04FC-4AC9-9866-D5FF1D170AF5}.D2020|x64.Build.0 = D2020|x64
		{00E0CFBB-04FC-4AC9-9866-D5FF1D170AF5}.D2021|x64.ActiveCfg = D2021|x64
		{00E0CFBB-04FC-4AC9-9866-D5FF1D170AF5}.D2021|x64.Build.0 = D2021|x64
		{00E0CFBB-04FC-4AC9-9866-D5FF1D170AF5}.D2022|x64.ActiveCfg = D2022|x64
		{00E0CFBB-04FC-4AC9-9866-D5FF1D170AF5}.D2022|x64.Build.0 = D2022|x64
		{00E0CFBB-04FC-4AC9-9866-D5FF1D170AF5}.D2023|x64.ActiveCfg = D2023|x64
		{00E0CFBB-04FC-4AC9-9866-D5FF1D170AF5}.D2023|x64.Build.0 = D2023|x64
		{00E0CFBB-04FC-4AC9-9866-D5FF1D170AF5}.D2024|x64.ActiveCfg = D2024|x64
		{00E0CFBB-04FC-4AC9-9866-D5FF1D170AF5}.D2024|x64.Build.0 = D2024|x64
		{00E0CFBB-04FC-4AC9-9866-D5FF1D170AF5}.Debug|x64.ActiveCfg = Debug|x64
		{00E0CFBB-04FC-4AC9-9866-D5FF1D170AF5}.Debug|x64.Build.0 = Debug|x64
		{00E0CFBB-04FC-4AC9-9866-D5FF1D170AF5}.Release|x64.ActiveCfg = Release|x64
		{00E0CFBB-04FC-4AC9-9866-D5FF1D170AF5}.Release|x64.Build.0 = Release|x64
		{42A58D54-EF10-4D56-BA3A-8A48049788A5}.D2020|x64.ActiveCfg = D2020|x64
		{42A58D54-EF10-4D56-BA3A-8A48049788A5}.D2020|x64.Build.0 = D2020|x64
		{42A58D54-EF10-4D56-BA3A-8A48049788A5}.D2021|x64.ActiveCfg = D2021|x64
		{42A58D54-EF10-4D56-BA3A-8A48049788A5}.D2021|x64.Build.0 = D2021|x64
		{42A58D54-EF10-4D56-BA3A-8A48049788A5}.D2022|x64.ActiveCfg = D2022|x64
		{42A58D54-EF10-4D56-BA3A-8A48049788A5}.D2022|x64.Build.0 = D2022|x64
		{42A58D54-EF10-4D56-BA3A-8A48049788A5}.D2023|x64.ActiveCfg = D2023|x64
		{42A58D54-EF10-4D56-BA3A-8A48049788A5}.D2023|x64.Build.0 = D2023|x64
		{42A58D54-EF10-4D56-BA3A-8A48049788A5}.D2024|x64.ActiveCfg = D2024|x64
		{42A58D54-EF10-4D56-BA3A-8A48049788A5}.D2024|x64.Build.0 = D2024|x64
		{42A58D54-EF10-4D56-BA3A-8A48049788A5}.Debug|x64.ActiveCfg = Debug|x64
		{42A58D54-EF10-4D56-BA3A-8A48049788A5}.Debug|x64.Build.0 = Debug|x64
		{42A58D54-EF10-4D56-BA3A-8A48049788A5}.Release|x64.ActiveCfg = Release|x64
		{42A58D54-EF10-4D56-BA3A-8A48049788A5}.Release|x64.Build.0 = Release|x64
		{BD87AF99-1763-4D67-B31C-EE2ADFE70842}.D2020|x64.ActiveCfg = D2020|x64
		{BD87AF99-1763-4D67-B31C-EE2ADFE70842}.D2020|x64.Build.0 = D2020|x64
		{BD87AF99-1763-4D67-B31C-EE2ADFE70842}.D2021|x64.ActiveCfg = D2021|x64
		{BD87AF99-1763-4D67-B31C-EE2ADFE70842}.D2021|x64.Build.0 = D2021|x64
		{BD87AF99-1763-4D67-B31C-EE2ADFE70842}.D2022|x64.ActiveCfg = D2022|x64
		{BD87AF99-1763-4D67-B31C-EE2ADFE70842}.D2022|x64.Build.0 = D2022|x64
		{BD87AF99-1763-4D67-B31C-EE2ADFE70842}.D2023|x64.ActiveCfg = D2023|x64
		{BD87AF99-1763-4D67-B31C-EE2ADFE70842}.D2023|x64.Build.0 = D2023|x64
		{BD87AF99-1763-4D67-B31C-EE2ADFE70842}.D2024|x64.ActiveCfg = D2024|x64
		{BD87AF99-1763-4D67-B31C-EE2ADFE70842}.D2024|x64.Build.0 = D2024|x64
		{BD87AF99-1763-4D67-B31C-EE2ADFE70842}.Debug|x64.ActiveCfg = Debug|x64
		{BD87AF99-1763-4D67-B31C-EE2ADFE70842}.Debug|x64.Build.0 = Debug|x64
		{BD87AF99-1763-4D67-B31C-EE2ADFE70842}.Release|x64.ActiveCfg = Release|x64
		{BD87AF99-1763-4D67-B31C-EE2ADFE70842}.Release|x64.Build.0 = Release|x64
		{2B6FAF2C-CACD-455A-9DE8-1114350B5FF8}.D2020|x64.ActiveCfg = D2020|x64
		{2B6FAF2C-CACD-455A-9DE8-1114350B5FF8}.D2020|x64.Build.0 = D2020|x64
		{2B6FAF2C-CACD-455A-9DE8-1114350B5FF8}.D2021|x64.ActiveCfg = D2021|x64
		{2B6FAF2C-CACD-455A-9DE8-1114350B5FF8}.D2021|x64.Build.0 = D2021|x64
		{2B6FAF2C-CACD-455A-9DE8-1114350B5FF8}.D2022|x64.ActiveCfg = D2022|x64
		{2B6FAF2C-CACD-455A-9DE8-1114350B5FF8}.D2022|x64.Build.0 = D2022|x64
		{2B6FAF2C-CACD-455A-9DE8-1114350B5FF8}.D2023|x64.ActiveCfg = D2023|x64
		{2B6FAF2C-CACD-455A-9DE8-1114350B5FF8}.D2023|x64.Build.0 = D2023|x64
		{2B6FAF2C-CACD-455A-9DE8-1114350B5FF8}.D2024|x64.ActiveCfg = D2024|x64
		{2B6FAF2C-CACD-455A-9DE8-1114350B5FF8}.D2024|x64.Build.0 = D2024|x64
		{2B6FAF2C-CACD-455A-9DE8-1114350B5FF8}.Debug|x64.ActiveCfg = Debug|x64
		{2B6FAF2C-CACD-455A-9DE8-1114350B5FF8}.Debug|x64.Build.0 = Debug|x64
		{2B6FAF2C-CACD-455A-9DE8-1114350B5FF8}.Release|x64.ActiveCfg = Release|x64
		{2B6FAF2C-CACD-455A-9DE8-1114350B5FF8}.Release|x64.Build.0 = Release|x64
		{397CE8C6-5145-495D-820A-DDCB57F3D0EC}.D2020|x64.ActiveCfg = D2020|x64
		{397CE8C6-5145-495D-820A-DDCB57F3D0EC}.D2020|x64.Build.0 = D2020|x64
		{397CE8C6-5145-495D-820A-DDCB57F3D0EC}.D2021|x64.ActiveCfg = D2021|x64
		{397CE8C6-5145-495D-820A-DDCB57F3D0EC}.D2021|x64.Build.0 = D2021|x64
		{397CE8C6-5145-495D-820A-DDCB57F3D0EC}.D2022|x64.ActiveCfg = D2022|x64
		{397CE8C6-5145-495D-820A-DDCB57F3D0EC}.D2022|x64.Build.0 = D2022|x64
		{397CE8C6-5145-495D-820A-DDCB57F3D0EC}.D2023|x64.ActiveCfg = D2023|x64
		{397CE8C6-5145-495D-820A-DDCB57F3D0EC}.D2023|x64.Build.0 = D2023|x64
		{397CE8C6-5145-495D-820A-DDCB57F3D0EC}.D2024|x64.ActiveCfg = D2024|x64
		{397CE8C6-5145-495D-820A-DDCB57F3D0EC}.D2024|x64.Build.0 = D2024|x64
		{397CE8C6-5145-495D-820A-DDCB57F3D0EC}.Debug|x64.ActiveCfg = Debug|x64
		{397CE8C6-5145-495D-820A-DDCB57F3D0EC}.Debug|x64.Build.0 = Debug|x64
		{397CE8C6-5145-495D-820A-DDCB57F3D0EC}.Release|x64.ActiveCfg = Release|x64
		{397CE8C6-5145-495D-820A-DDCB57F3D0EC}.Release|x64.Build.0 = Release|x64
		{0DB7668A-6DC4-40EB-8087-FFFA081457DE}.D2020|x64.ActiveCfg = D2020|x64
		{0DB7668A-6DC4-40EB-8087-FFFA081457DE}.D2020|x64.Build.0 = D2020|x64
		{0DB7668A-6DC4-40EB-8087-FFFA081457DE}.D2021|x64.ActiveCfg = D2021|x64
		{0DB7668A-6DC4-40EB-8087-FFFA081457DE}.D2021|x64.Build.0 = D2021|x64
		{0DB7668A-6DC4-40EB-8087-FFFA081457DE}.D2022|x64.ActiveCfg = D2022|x64
		{0DB7668A-6DC4-40EB-8087-FFFA081457DE}.D2022|x64.Build.0 = D2022|x64
		{0DB7668A-6DC4-40EB-8087-FFFA081457DE}.D2023|x64.ActiveCfg = D2023|x64
		{0DB7668A-6DC4-40EB-8087-FFFA081457DE}.D2023|x64.Build.0 = D2023|x64
		{0DB7668A-6DC4-40EB-8087-FFFA081457DE}.D2024|x64.ActiveCfg = D2024|x64
		{0DB7668A-6DC4-40EB-8087-FFFA081457DE}.D2024|x64.Build.0 = D2024|x64
		{0DB7668A-6DC4-40EB-8087-FFFA081457DE}.Debug|x64.ActiveCfg = Debug|x64
		{0DB7668A-6DC4-40EB-8087-FFFA081457DE}.Debug|x64.Build.0 = Debug|x64
		{0DB7668A-6DC4-40EB-8087-FFFA081457DE}.Release|x64.ActiveCfg = Release|x64
		{0DB7668A-6DC4-40EB-8087-FFFA081457DE}.Release|x64.Build.0 = Release|x64
		{26EF3796-6DB1-4220-8E72-20964F436840}.D2020|x64.ActiveCfg = D2020|x64
		{26EF3796-6DB1-4220-8E72-20964F436840}.D2020|x64.Build.0 = D2020|x64
		{26EF3796-6DB1-4220-8E72-20964F436840}.D2021|x64.ActiveCfg = D2021|x64
		{26EF3796-6DB1-4220-8E72-20964F436840}.D2021|x64.Build.0 = D2021|x64
		{26EF3796-6DB1-4220-8E72-20964F436840}.D2022|x64.ActiveCfg = D2022|x64
		{26EF3796-6DB1-4220-8E72-20964F436840}.D2022|x64.Build.0 = D2022|x64
		{26EF3796-6DB1-4220-8E72-20964F436840}.D2023|x64.ActiveCfg = D2023|x64
		{26EF3796-6DB1-4220-8E72-20964F436840}.D2023|x64.Build.0 = D2023|x64
		{26EF3796-6DB1-4220-8E72-20964F436840}.D2024|x64.ActiveCfg = D2024|x64
		{26EF3796-6DB1-4220-8E72-20964F436840}.D2024|x64.Build.0 = D2024|x64
		{26EF3796-6DB1-4220-8E72-20964F436840}.Debug|x64.ActiveCfg = Debug|x64
		{26EF3796-6DB1-4220-8E72-20964F436840}.Debug|x64.Build.0 = Debug|x64
		{26EF3796-6DB1-4220-8E72-20964F436840}.Release|x64.ActiveCfg = Release|x64
		{26EF3796-6DB1-4220-8E72-20964F436840}.Release|x64.Build.0 = Release|x64
		{68F00EE4-FAE1-48A5-9831-E5A2EB5D76B1}.D2020|x64.ActiveCfg = D2020|x64
		{68F00EE4-FAE1-48A5-9831-E5A2EB5D76B1}.D2020|x64.Build.0 = D2020|x64
		{68F00EE4-FAE1-48A5-9831-E5A2EB5D76B1}.D2021|x64.ActiveCfg = D2021|x64
		{68F00EE4-FAE1-48A5-9831-E5A2EB5D76B1}.D2021|x64.Build.0 = D2021|x64
		{68F00EE4-FAE1-48A5-9831-E5A2EB5D76B1}.D2022|x64.ActiveCfg = D2022|x64
		{68F00EE4-FAE1-48A5-9831-E5A2EB5D76B1}.D2022|x64.Build.0 = D2022|x64
		{68F00EE4-FAE1-48A5-9831-E5A2EB5D76B1}.D2023|x64.ActiveCfg = D2023|x64
		{68F00EE4-FAE1-48A5-9831-E5A2EB5D76B1}.D2023|x64.Build.0 = D2023|x64
		{68F00EE4-FAE1-48A5-9831-E5A2EB5D76B1}.D2024|x64.ActiveCfg = D2024|x64
		{68F00EE4-FAE1-48A5-9831-E5A2EB5D76B1}.D2024|x64.Build.0 = D2024|x64
		{68F00EE4-FAE1-48A5-9831-E5A2EB5D76B1}.Debug|x64.ActiveCfg = Debug|x64
		{68F00EE4-FAE1-48A5-9831-E5A2EB5D76B1}.Debug|x64.Build.0 = Debug|x64
		{68F00EE4-FAE1-48A5-9831-E5A2EB5D76B1}.Release|x64.ActiveCfg = Release|x64
		{68F00EE4-FAE1-48A5-9831-E5A2EB5D76B1}.Release|x64.Build.0 = Release|x64
		{74007891-BCB9-40B9-993D-8D86DB5CD8F6}.D2020|x64.ActiveCfg = D2020|x64
		{74007891-BCB9-40B9-993D-8D86DB5CD8F6}.D2020|x64.Build.0 = D2020|x64
		{74007891-BCB9-40B9-993D-8D86DB5CD8F6}.D2021|x64.ActiveCfg = D2021|x64
		{74007891-BCB9-40B9-993D-8D86DB5CD8F6}.D2021|x64.Build.0 = D2021|x64
		{74007891-BCB9-40B9-993D-8D86DB5CD8F6}.D2022|x64.ActiveCfg = D2022|x64
		{74007891-BCB9-40B9-993D-8D86DB5CD8F6}.D2022|x64.Build.0 = D2022|x64
		{74007891-BCB9-40B9-993D-8D86DB5CD8F6}.D2023|x64.ActiveCfg = D2023|x64
		{74007891-BCB9-40B9-993D-8D86DB5CD8F6}.D2023|x64.Build.0 = D2023|x64
		{74007891-BCB9-40B9-993D-8D86DB5CD8F6}.D2024|x64.ActiveCfg = D2024|x64
		{74007891-BCB9-40B9-993D-8D86DB5CD8F6}.D2024|x64.Build.0 = D2024|x64
		{74007891-BCB9-40B9-993D-8D86DB5CD8F6}.Debug|x64.ActiveCfg = Debug|x64
		{74007891-BCB9-40B9-993D-8D86DB5CD8F6}.Debug|x64.Build.0 = Debug|x64
		{74007891-BCB9-40B9-993D-8D86DB5CD8F6}.Release|x64.ActiveCfg = Release|x64
		{74007891-BCB9-40B9-993D-8D86DB5CD8F6}.Release|x64.Build.0 = Release|x64
		{FEAE3AF1-6122-4BBC-A2F4-1246AC8051FA}.D2020|x64.ActiveCfg = D2020|x64
		{FEAE3AF1-6122-4BBC-A2F4-1246AC8051FA}.D2020|x64.Build.0 = D2020|x64
		{FEAE3AF1-6122-4BBC-A2F4-1246AC8051FA}.D2021|x64.ActiveCfg = D2021|x64
		{FEAE3AF1-6122-4BBC-A2F4-1246AC8051FA}.D2021|x64.Build.0 = D2021|x64
		{FEAE3AF1-6122-4BBC-A2F4-1246AC8051FA}.D2022|x64.ActiveCfg = D2022|x64
		{FEAE3AF1-6122-4BBC-A2F4-1246AC8051FA}.D2022|x64.Build.0 = D2022|x64
		{FEAE3AF1-6122-4BBC-A2F4-1246AC8051FA}.D2023|x64.ActiveCfg = D2023|x64
		{FEAE3AF1-6122-4BBC-A2F4-1246AC8051FA}.D2023|x64.Build.0 = D2023|x64
		{FEAE3AF1-6122-4BBC-A2F4-1246AC8051FA}.D2024|x64.ActiveCfg = D2024|x64
		{FEAE3AF1-6122-4BBC-A2F4-1246AC8051FA}.D2024|x64.Build.0 = D2024|x64
		{FEAE3AF1-6122-4BBC-A2F4-1246AC8051FA}.Debug|x64.ActiveCfg = Debug|x64
		{FEAE3AF1-6122-4BBC-A2F4-1246AC8051FA}.Debug|x64.Build.0 = Debug|x64
		{FEAE3AF1-6122-4BBC-A2F4-1246AC8051FA}.Release|x64.ActiveCfg = Release|x64
		{FEAE3AF1-6122-4BBC-A2F4-1246AC8051FA}.Release|x64.Build.0 = Release|x64
		{DC5CC041-62D8-493A-A4D8-C0183C830EAE}.D2020|x64.ActiveCfg = D2020|x64
		{DC5CC041-62D8-493A-A4D8-C0183C830EAE}.D2020|x64.Build.0 = D2020|x64
		{DC5CC041-62D8-493A-A4D8-C0183C830EAE}.D2021|x64.ActiveCfg = D2021|x64
		{DC5CC041-62D8-493A-A4D8-C0183C830EAE}.D2021|x64.Build.0 = D2021|x64
		{DC5CC041-62D8-493A-A4D8-C0183C830EAE}.D2022|x64.ActiveCfg = D2022|x64
		{DC5CC041-62D8-493A-A4D8-C0183C830EAE}.D2022|x64.Build.0 = D2022|x64
		{DC5CC041-62D8-493A-A4D8-C0183C830EAE}.D2023|x64.ActiveCfg = D2023|x64
		{DC5CC041-62D8-493A-A4D8-C0183C830EAE}.D2023|x64.Build.0 = D2023|x64
		{DC5CC041-62D8-493A-A4D8-C0183C830EAE}.D2024|x64.ActiveCfg = D2024|x64
		{DC5CC041-62D8-493A-A4D8-C0183C830EAE}.D2024|x64.Build.0 = D2024|x64
		{DC5CC041-62D8-493A-A4D8-C0183C830EAE}.Debug|x64.ActiveCfg = Debug|x64
		{DC5CC041-62D8-493A-A4D8-C0183C830EAE}.Debug|x64.Build.0 = Debug|x64
		{DC5CC041-62D8-493A-A4D8-C0183C830EAE}.Release|x64.ActiveCfg = Release|x64
		{DC5CC041-62D8-493A-A4D8-C0183C830EAE}.Release|x64.Build.0 = Release|x64
		{9502A80B-94D8-4701-A907-1933DBAD0E80}.D2020|x64.ActiveCfg = D2020|x64
		{9502A80B-94D8-4701-A907-1933DBAD0E80}.D2020|x64.Build.0 = D2020|x64
		{9502A80B-94D8-4701-A907-1933DBAD0E80}.D2021|x64.ActiveCfg = D2021|x64
		{9502A80B-94D8-4701-A907-1933DBAD0E80}.D2021|x64.Build.0 = D2021|x64
		{9502A80B-94D8-4701-A907-1933DBAD0E80}.D2022|x64.ActiveCfg = D2022|x64
		{9502A80B-94D8-4701-A907-1933DBAD0E80}.D2022|x64.Build.0 = D2022|x64
		{9502A80B-94D8-4701-A907-1933DBAD0E80}.D2023|x64.ActiveCfg = D2023|x64
		{9502A80B-94D8-4701-A907-1933DBAD0E80}.D2023|x64.Build.0 = D2023|x64
		{9502A80B-94D8-4701-A907-1933DBAD0E80}.D2024|x64.ActiveCfg = D2024|x64
		{9502A80B-94D8-4701-A907-1933DBAD0E80}.D2024|x64.Build.0 = D2024|x64
		{9502A80B-94D8-4701-A907-1933DBAD0E80}.Debug|x64.ActiveCfg = D2020|x64
		{9502A80B-94D8-4701-A907-1933DBAD0E80}.Debug|x64.Build.0 = D2020|x64
		{9502A80B-94D8-4701-A907-1933DBAD0E80}.Release|x64.ActiveCfg = D2020|x64
		{9502A80B-94D8-4701-A907-1933DBAD0E80}.Release|x64.Build.0 = D2020|x64
		{ED097443-BBE0-488F-BECC-7C7FDA188D74}.D2020|x64.ActiveCfg = D2020|x64
		{ED097443-BBE0-488F-BECC-7C7FDA188D74}.D2020|x64.Build.0 = D2020|x64
		{ED097443-BBE0-488F-BECC-7C7FDA188D74}.D2021|x64.ActiveCfg = D2021|x64
		{ED097443-BBE0-488F-BECC-7C7FDA188D74}.D2021|x64.Build.0 = D2021|x64
		{ED097443-BBE0-488F-BECC-7C7FDA188D74}.D2022|x64.ActiveCfg = D2022|x64
		{ED097443-BBE0-488F-BECC-7C7FDA188D74}.D2022|x64.Build.0 = D2022|x64
		{ED097443-BBE0-488F-BECC-7C7FDA188D74}.D2023|x64.ActiveCfg = D2023|x64
		{ED097443-BBE0-488F-BECC-7C7FDA188D74}.D2023|x64.Build.0 = D2023|x64
		{ED097443-BBE0-488F-BECC-7C7FDA188D74}.D2024|x64.ActiveCfg = D2024|x64
		{ED097443-BBE0-488F-BECC-7C7FDA188D74}.D2024|x64.Build.0 = D2024|x64
		{ED097443-BBE0-488F-BECC-7C7FDA188D74}.Debug|x64.ActiveCfg = D2020|x64
		{ED097443-BBE0-488F-BECC-7C7FDA188D74}.Debug|x64.Build.0 = D2020|x64
		{ED097443-BBE0-488F-BECC-7C7FDA188D74}.Release|x64.ActiveCfg = D2020|x64
		{ED097443-BBE0-488F-BECC-7C7FDA188D74}.Release|x64.Build.0 = D2020|x64
		{6EDA98F4-285F-47A1-BEBA-6EAE9323D9DF}.D2020|x64.ActiveCfg = D2020|x64
		{6EDA98F4-285F-47A1-BEBA-6EAE9323D9DF}.D2020|x64.Build.0 = D2020|x64
		{6EDA98F4-285F-47A1-BEBA-6EAE9323D9DF}.D2021|x64.ActiveCfg = D2021|x64
		{6EDA98F4-285F-47A1-BEBA-6EAE9323D9DF}.D2021|x64.Build.0 = D2021|x64
		{6EDA98F4-285F-47A1-BEBA-6EAE9323D9DF}.D2022|x64.ActiveCfg = D2022|x64
		{6EDA98F4-285F-47A1-BEBA-6EAE9323D9DF}.D2022|x64.Build.0 = D2022|x64
		{6EDA98F4-285F-47A1-BEBA-6EAE9323D9DF}.D2023|x64.ActiveCfg = D2023|x64
		{6EDA98F4-285F-47A1-BEBA-6EAE9323D9DF}.D2023|x64.Build.0 = D2023|x64
		{6EDA98F4-285F-47A1-BEBA-6EAE9323D9DF}.D2024|x64.ActiveCfg = D2024|x64
		{6EDA98F4-285F-47A1-BEBA-6EAE9323D9DF}.D2024|x64.Build.0 = D2024|x64
		{6EDA98F4-285F-47A1-BEBA-6EAE9323D9DF}.Debug|x64.ActiveCfg = Debug|x64
		{6EDA98F4-285F-47A1-BEBA-6EAE9323D9DF}.Debug|x64.Build.0 = Debug|x64
		{6EDA98F4-285F-47A1-BEBA-6EAE9323D9DF}.Release|x64.ActiveCfg = Release|x64
		{6EDA98F4-285F-47A1-BEBA-6EAE9323D9DF}.Release|x64.Build.0 = Release|x64
		{BA555C42-F0F2-4C1F-9AC7-0B5E76B1B4A9}.D2020|x64.ActiveCfg = D2020|x64
		{BA555C42-F0F2-4C1F-9AC7-0B5E76B1B4A9}.D2020|x64.Build.0 = D2020|x64
		{BA555C42-F0F2-4C1F-9AC7-0B5E76B1B4A9}.D2021|x64.ActiveCfg = D2021|x64
		{BA555C42-F0F2-4C1F-9AC7-0B5E76B1B4A9}.D2021|x64.Build.0 = D2021|x64
		{BA555C42-F0F2-4C1F-9AC7-0B5E76B1B4A9}.D2022|x64.ActiveCfg = D2022|x64
		{BA555C42-F0F2-4C1F-9AC7-0B5E76B1B4A9}.D2022|x64.Build.0 = D2022|x64
		{BA555C42-F0F2-4C1F-9AC7-0B5E76B1B4A9}.D2023|x64.ActiveCfg = D2023|x64
		{BA555C42-F0F2-4C1F-9AC7-0B5E76B1B4A9}.D2023|x64.Build.0 = D2023|x64
		{BA555C42-F0F2-4C1F-9AC7-0B5E76B1B4A9}.D2024|x64.ActiveCfg = D2024|x64
		{BA555C42-F0F2-4C1F-9AC7-0B5E76B1B4A9}.D2024|x64.Build.0 = D2024|x64
		{BA555C42-F0F2-4C1F-9AC7-0B5E76B1B4A9}.Debug|x64.ActiveCfg = Debug|x64
		{BA555C42-F0F2-4C1F-9AC7-0B5E76B1B4A9}.Debug|x64.Build.0 = Debug|x64
		{BA555C42-F0F2-4C1F-9AC7-0B5E76B1B4A9}.Release|x64.ActiveCfg = Release|x64
		{BA555C42-F0F2-4C1F-9AC7-0B5E76B1B4A9}.Release|x64.Build.0 = Release|x64
		{C2BD63D9-4E08-4DBC-8945-1495D92E1A7B}.D2020|x64.ActiveCfg = D2020|x64
		{C2BD63D9-4E08-4DBC-8945-1495D92E1A7B}.D2020|x64.Build.0 = D2020|x64
		{C2BD63D9-4E08-4DBC-8945-1495D92E1A7B}.D2021|x64.ActiveCfg = D2021|x64
		{C2BD63D9-4E08-4DBC-8945-1495D92E1A7B}.D2021|x64.Build.0 = D2021|x64
		{C2BD63D9-4E08-4DBC-8945-1495D92E1A7B}.D2022|x64.ActiveCfg = D2022|x64
		{C2BD63D9-4E08-4DBC-8945-1495D92E1A7B}.D2022|x64.Build.0 = D2022|x64
		{C2BD63D9-4E08-4DBC-8945-1495D92E1A7B}.D2023|x64.ActiveCfg = D2023|x64
		{C2BD63D9-4E08-4DBC-8945-1495D92E1A7B}.D2023|x64.Build.0 = D2023|x64
		{C2BD63D9-4E08-4DBC-8945-1495D92E1A7B}.D2024|x64.ActiveCfg = D2024|x64
		{C2BD63D9-4E08-4DBC-8945-1495D92E1A7B}.D2024|x64.Build.0 = D2024|x64
		{C2BD63D9-4E08-4DBC-8945-1495D92E1A7B}.Debug|x64.ActiveCfg = D2020|x64
		{C2BD63D9-4E08-4DBC-8945-1495D92E1A7B}.Debug|x64.Build.0 = D2020|x64
		{C2BD63D9-4E08-4DBC-8945-1495D92E1A7B}.Release|x64.ActiveCfg = D2020|x64
		{C2BD63D9-4E08-4DBC-8945-1495D92E1A7B}.Release|x64.Build.0 = D2020|x64
		{34158D77-41CE-47FE-ADDF-B7B2BADED907}.D2020|x64.ActiveCfg = D2020|x64
		{34158D77-41CE-47FE-ADDF-B7B2BADED907}.D2020|x64.Build.0 = D2020|x64
		{34158D77-41CE-47FE-ADDF-B7B2BADED907}.D2021|x64.ActiveCfg = D2021|x64
		{34158D77-41CE-47FE-ADDF-B7B2BADED907}.D2021|x64.Build.0 = D2021|x64
		{34158D77-41CE-47FE-ADDF-B7B2BADED907}.D2022|x64.ActiveCfg = D2022|x64
		{34158D77-41CE-47FE-ADDF-B7B2BADED907}.D2022|x64.Build.0 = D2022|x64
		{34158D77-41CE-47FE-ADDF-B7B2BADED907}.D2023|x64.ActiveCfg = D2023|x64
		{34158D77-41CE-47FE-ADDF-B7B2BADED907}.D2023|x64.Build.0 = D2023|x64
		{34158D77-41CE-47FE-ADDF-B7B2BADED907}.D2024|x64.ActiveCfg = D2024|x64
		{34158D77-41CE-47FE-ADDF-B7B2BADED907}.D2024|x64.Build.0 = D2024|x64
		{34158D77-41CE-47FE-ADDF-B7B2BADED907}.Debug|x64.ActiveCfg = D2020|x64
		{34158D77-41CE-47FE-ADDF-B7B2BADED907}.Debug|x64.Build.0 = D2020|x64
		{34158D77-41CE-47FE-ADDF-B7B2BADED907}.Release|x64.ActiveCfg = D2020|x64
		{34158D77-41CE-47FE-ADDF-B7B2BADED907}.Release|x64.Build.0 = D2020|x64
		{4AEC72C6-12FC-4130-A80F-B496546A084D}.D2020|x64.ActiveCfg = D2020|x64
		{4AEC72C6-12FC-4130-A80F-B496546A084D}.D2020|x64.Build.0 = D2020|x64
		{4AEC72C6-12FC-4130-A80F-B496546A084D}.D2021|x64.ActiveCfg = D2021|x64
		{4AEC72C6-12FC-4130-A80F-B496546A084D}.D2021|x64.Build.0 = D2021|x64
		{4AEC72C6-12FC-4130-A80F-B496546A084D}.D2022|x64.ActiveCfg = D2022|x64
		{4AEC72C6-12FC-4130-A80F-B496546A084D}.D2022|x64.Build.0 = D2022|x64
		{4AEC72C6-12FC-4130-A80F-B496546A084D}.D2023|x64.ActiveCfg = D2023|x64
		{4AEC72C6-12FC-4130-A80F-B496546A084D}.D2023|x64.Build.0 = D2023|x64
		{4AEC72C6-12FC-4130-A80F-B496546A084D}.D2024|x64.ActiveCfg = D2024|x64
		{4AEC72C6-12FC-4130-A80F-B496546A084D}.D2024|x64.Build.0 = D2024|x64
		{4AEC72C6-12FC-4130-A80F-B496546A084D}.Debug|x64.ActiveCfg = D2020|x64
		{4AEC72C6-12FC-4130-A80F-B496546A084D}.Debug|x64.Build.0 = D2020|x64
		{4AEC72C6-12FC-4130-A80F-B496546A084D}.Release|x64.ActiveCfg = D2020|x64
		{4AEC72C6-12FC-4130-A80F-B496546A084D}.Release|x64.Build.0 = D2020|x64
	EndGlobalSection
	GlobalSection(SolutionProperties) = preSolution
		HideSolutionNode = FALSE
	EndGlobalSection
	GlobalSection(NestedProjects) = preSolution
		{968DE2B9-F390-4B99-A796-A797FBB7847A} = {D1D5F8CC-CC58-4C3B-AC68-F2451FA3BFC6}
		{435BD787-178B-4358-82CA-FC242DDD4371} = {968DE2B9-F390-4B99-A796-A797FBB7847A}
		{4526DA81-105F-41F7-8EA9-EBC495EEEBD6} = {968DE2B9-F390-4B99-A796-A797FBB7847A}
		{84024C31-F7A3-48D1-949D-A529A5C1ED42} = {968DE2B9-F390-4B99-A796-A797FBB7847A}
		{A5EE8BFC-F18E-4A18-BC8D-4F63E63CE772} = {968DE2B9-F390-4B99-A796-A797FBB7847A}
		{95CEC2DC-2DFC-49BB-9D30-0572B973DB96} = {968DE2B9-F390-4B99-A796-A797FBB7847A}
		{15420EBA-B659-4405-B9A0-E85AC85D53AB} = {968DE2B9-F390-4B99-A796-A797FBB7847A}
		{9711B9A7-25AF-49F6-B828-FAA0C141EF3B} = {15420EBA-B659-4405-B9A0-E85AC85D53AB}
		{5122432D-5182-4CD9-ACAB-6A410A3B29A7} = {968DE2B9-F390-4B99-A796-A797FBB7847A}
		{CCFFC2FF-46AE-43D5-88F7-25C3E1E86EDD} = {968DE2B9-F390-4B99-A796-A797FBB7847A}
		{47CEC06A-AA7E-4562-97B1-EBDAB13A4A3D} = {968DE2B9-F390-4B99-A796-A797FBB7847A}
		{C9F52F92-6BD2-4A45-8297-8775E5FE371A} = {968DE2B9-F390-4B99-A796-A797FBB7847A}
		{53A474C0-AD86-4DA3-B140-86344DF32811} = {968DE2B9-F390-4B99-A796-A797FBB7847A}
		{D9C7C058-C70E-4F81-9CAD-C7CF7D952CCF} = {968DE2B9-F390-4B99-A796-A797FBB7847A}
		{D9661EB6-ECF7-4E7F-B055-65A6313EDF8B} = {968DE2B9-F390-4B99-A796-A797FBB7847A}
		{74DD9D4A-AEAD-4C5E-ACBD-B5447AA791DA} = {968DE2B9-F390-4B99-A796-A797FBB7847A}
		{7D8627B7-D98F-4D86-A10F-7C9DA00EEA7B} = {968DE2B9-F390-4B99-A796-A797FBB7847A}
		{E41C8530-D08A-4320-BA0D-D604D85E23D2} = {968DE2B9-F390-4B99-A796-A797FBB7847A}
	EndGlobalSection
	GlobalSection(ExtensibilityGlobals) = postSolution
		SolutionGuid = {2332A0ED-46BB-427C-AAD9-EFA10FA76316}
	EndGlobalSection
EndGlobal
