
Microsoft Visual Studio Solution File, Format Version 12.00
# Visual Studio Version 16
VisualStudioVersion = 16.0.31205.134
MinimumVisualStudioVersion = 10.0.40219.1
Project("{FAE04EC0-301F-11D3-BF4B-00C04F79EFBC}") = "RevitServerFolders", "RevitServerFolders\RevitServerFolders.csproj", "{C750E95C-A78A-4FED-BA6B-D3CD89E92BFB}"
EndProject
Global
	GlobalSection(SolutionConfigurationPlatforms) = preSolution
		Debug|Any CPU = Debug|Any CPU
		Release|Any CPU = Release|Any CPU
	EndGlobalSection
	GlobalSection(ProjectConfigurationPlatforms) = postSolution
		{C750E95C-A78A-4FED-BA6B-D3CD89E92BFB}.Debug|Any CPU.ActiveCfg = Debug|Any CPU
		{C750E95C-A78A-4FED-BA6B-D3CD89E92BFB}.Debug|Any CPU.Build.0 = Debug|Any CPU
		{C750E95C-A78A-4FED-BA6B-D3CD89E92BFB}.Release|Any CPU.ActiveCfg = Release|Any CPU
		{C750E95C-A78A-4FED-BA6B-D3CD89E92BFB}.Release|Any CPU.Build.0 = Release|Any CPU
	EndGlobalSection
	GlobalSection(SolutionProperties) = preSolution
		HideSolutionNode = FALSE
	EndGlobalSection
	GlobalSection(ExtensibilityGlobals) = postSolution
		SolutionGuid = {8A51E3BB-ACCB-4E6D-B305-84E1FE302B31}
	EndGlobalSection
EndGlobal
