
Microsoft Visual Studio Solution File, Format Version 12.00
# Visual Studio Version 16
VisualStudioVersion = 16.0.31313.79
MinimumVisualStudioVersion = 10.0.40219.1
Project("{FAE04EC0-301F-11D3-BF4B-00C04F79EFBC}") = "RevitBatchPrint", "RevitBatchPrint\RevitBatchPrint.csproj", "{C95B3383-B620-463C-9A33-7D290095B73A}"
EndProject
Global
	GlobalSection(SolutionConfigurationPlatforms) = preSolution
		Debug|Any CPU = Debug|Any CPU
		Release|Any CPU = Release|Any CPU
	EndGlobalSection
	GlobalSection(ProjectConfigurationPlatforms) = postSolution
		{C95B3383-B620-463C-9A33-7D290095B73A}.Debug|Any CPU.ActiveCfg = Debug|Any CPU
		{C95B3383-B620-463C-9A33-7D290095B73A}.Debug|Any CPU.Build.0 = Debug|Any CPU
		{C95B3383-B620-463C-9A33-7D290095B73A}.Release|Any CPU.ActiveCfg = Release|Any CPU
		{C95B3383-B620-463C-9A33-7D290095B73A}.Release|Any CPU.Build.0 = Release|Any CPU
	EndGlobalSection
	GlobalSection(SolutionProperties) = preSolution
		HideSolutionNode = FALSE
	EndGlobalSection
	GlobalSection(ExtensibilityGlobals) = postSolution
		SolutionGuid = {9F42DFB5-7623-4447-A760-8BA10EFA990B}
	EndGlobalSection
EndGlobal
