
Microsoft Visual Studio Solution File, Format Version 12.00
# Visual Studio Version 16
VisualStudioVersion = 16.0.31515.178
MinimumVisualStudioVersion = 10.0.40219.1
Project("{FAE04EC0-301F-11D3-BF4B-00C04F79EFBC}") = "RevitCopyViews", "RevitCopyViews\RevitCopyViews.csproj", "{9BCEA845-B482-46E8-B916-00F0B97F6BD6}"
EndProject
Global
	GlobalSection(SolutionConfigurationPlatforms) = preSolution
		Debug|x64 = Debug|x64
		Release|x64 = Release|x64
	EndGlobalSection
	GlobalSection(ProjectConfigurationPlatforms) = postSolution
		{9BCEA845-B482-46E8-B916-00F0B97F6BD6}.Debug|x64.ActiveCfg = Debug|x64
		{9BCEA845-B482-46E8-B916-00F0B97F6BD6}.Debug|x64.Build.0 = Debug|x64
		{9BCEA845-B482-46E8-B916-00F0B97F6BD6}.Release|x64.ActiveCfg = Release|x64
		{9BCEA845-B482-46E8-B916-00F0B97F6BD6}.Release|x64.Build.0 = Release|x64
	EndGlobalSection
	GlobalSection(SolutionProperties) = preSolution
		HideSolutionNode = FALSE
	EndGlobalSection
	GlobalSection(ExtensibilityGlobals) = postSolution
		SolutionGuid = {21AA7AB1-2391-41B2-A9D7-D99B32571A7D}
	EndGlobalSection
EndGlobal
